// !$*UTF8*$!
{
	archiveVersion = 1;
	classes = {
	};
	objectVersion = 50;
	objects = {

/* Begin PBXBuildFile section */
		3720254A224F0B1E00E25AA4 /* ZDDCommentCellNode.m in Sources */ = {isa = PBXBuildFile; fileRef = 37202548224F0B1D00E25AA4 /* ZDDCommentCellNode.m */; };
		37202584224F225200E25AA4 /* POPCGUtils.mm in Sources */ = {isa = PBXBuildFile; fileRef = 37202552224F225100E25AA4 /* POPCGUtils.mm */; };
		37202585224F225200E25AA4 /* pop-ios-Info.plist in Resources */ = {isa = PBXBuildFile; fileRef = 37202554224F225100E25AA4 /* pop-ios-Info.plist */; };
		37202586224F225200E25AA4 /* POPMath.mm in Sources */ = {isa = PBXBuildFile; fileRef = 37202558224F225100E25AA4 /* POPMath.mm */; };
		37202587224F225200E25AA4 /* POPSpringAnimation.mm in Sources */ = {isa = PBXBuildFile; fileRef = 3720255B224F225100E25AA4 /* POPSpringAnimation.mm */; };
		37202588224F225200E25AA4 /* POPCustomAnimation.mm in Sources */ = {isa = PBXBuildFile; fileRef = 3720255C224F225100E25AA4 /* POPCustomAnimation.mm */; };
		37202589224F225200E25AA4 /* POPAnimationTracer.mm in Sources */ = {isa = PBXBuildFile; fileRef = 3720255F224F225100E25AA4 /* POPAnimationTracer.mm */; };
		3720258A224F225200E25AA4 /* POPAnimationExtras.mm in Sources */ = {isa = PBXBuildFile; fileRef = 37202561224F225100E25AA4 /* POPAnimationExtras.mm */; };
		3720258B224F225200E25AA4 /* pop-tvos-Info.plist in Resources */ = {isa = PBXBuildFile; fileRef = 37202562224F225100E25AA4 /* pop-tvos-Info.plist */; };
		3720258C224F225200E25AA4 /* POPDecayAnimation.mm in Sources */ = {isa = PBXBuildFile; fileRef = 37202564224F225100E25AA4 /* POPDecayAnimation.mm */; };
		3720258D224F225200E25AA4 /* pop-osx-Info.plist in Resources */ = {isa = PBXBuildFile; fileRef = 37202566224F225100E25AA4 /* pop-osx-Info.plist */; };
		3720258E224F225200E25AA4 /* POPPropertyAnimation.mm in Sources */ = {isa = PBXBuildFile; fileRef = 3720256D224F225100E25AA4 /* POPPropertyAnimation.mm */; };
		3720258F224F225200E25AA4 /* POPAnimation.mm in Sources */ = {isa = PBXBuildFile; fileRef = 3720256F224F225100E25AA4 /* POPAnimation.mm */; };
		37202590224F225200E25AA4 /* POPGeometry.mm in Sources */ = {isa = PBXBuildFile; fileRef = 37202570224F225100E25AA4 /* POPGeometry.mm */; };
		37202591224F225200E25AA4 /* POPBasicAnimation.mm in Sources */ = {isa = PBXBuildFile; fileRef = 37202571224F225100E25AA4 /* POPBasicAnimation.mm */; };
		37202592224F225200E25AA4 /* TransformationMatrix.mm in Sources */ = {isa = PBXBuildFile; fileRef = 37202573224F225100E25AA4 /* TransformationMatrix.mm */; };
		37202593224F225200E25AA4 /* POPAnimator.mm in Sources */ = {isa = PBXBuildFile; fileRef = 37202579224F225200E25AA4 /* POPAnimator.mm */; };
		37202594224F225200E25AA4 /* POPAnimatableProperty.mm in Sources */ = {isa = PBXBuildFile; fileRef = 3720257A224F225200E25AA4 /* POPAnimatableProperty.mm */; };
		37202595224F225200E25AA4 /* POPAnimationRuntime.mm in Sources */ = {isa = PBXBuildFile; fileRef = 3720257D224F225200E25AA4 /* POPAnimationRuntime.mm */; };
		37202596224F225200E25AA4 /* POPAnimationEvent.mm in Sources */ = {isa = PBXBuildFile; fileRef = 3720257E224F225200E25AA4 /* POPAnimationEvent.mm */; };
		37202597224F225200E25AA4 /* POPLayerExtras.mm in Sources */ = {isa = PBXBuildFile; fileRef = 3720257F224F225200E25AA4 /* POPLayerExtras.mm */; };
		37202598224F225200E25AA4 /* POPVector.mm in Sources */ = {isa = PBXBuildFile; fileRef = 37202580224F225200E25AA4 /* POPVector.mm */; };
		3720259D224F491900E25AA4 /* GODUserModel.m in Sources */ = {isa = PBXBuildFile; fileRef = 37202599224F491700E25AA4 /* GODUserModel.m */; };
		3720259E224F491900E25AA4 /* GODUserTool.m in Sources */ = {isa = PBXBuildFile; fileRef = 3720259B224F491800E25AA4 /* GODUserTool.m */; };
		372025A1224F49AF00E25AA4 /* ZDDDuanziModel.m in Sources */ = {isa = PBXBuildFile; fileRef = 372025A0224F49AF00E25AA4 /* ZDDDuanziModel.m */; };
		372025A4224F51DA00E25AA4 /* ZDDCommentModel.m in Sources */ = {isa = PBXBuildFile; fileRef = 372025A3224F51DA00E25AA4 /* ZDDCommentModel.m */; };
		372025A9224F57E400E25AA4 /* ZDDLogInController.m in Sources */ = {isa = PBXBuildFile; fileRef = 372025A8224F57E400E25AA4 /* ZDDLogInController.m */; };
		7521BA1E224F0D7F00292099 /* YMHLUserModel.m in Sources */ = {isa = PBXBuildFile; fileRef = 7521BA1D224F0D7F00292099 /* YMHLUserModel.m */; };
		7521BA22224F994000292099 /* YMHLBaseViewController.m in Sources */ = {isa = PBXBuildFile; fileRef = 7521BA21224F994000292099 /* YMHLBaseViewController.m */; };
		7521BA2522505AA000292099 /* ASButtonNode+LHExtension.m in Sources */ = {isa = PBXBuildFile; fileRef = 7521BA2422505AA000292099 /* ASButtonNode+LHExtension.m */; };
		7521BA2922505FCA00292099 /* YMHLVideoDetailViewController.m in Sources */ = {isa = PBXBuildFile; fileRef = 7521BA2822505FCA00292099 /* YMHLVideoDetailViewController.m */; };
		7521BA2E2250714E00292099 /* YMHLSubCommentsModel.m in Sources */ = {isa = PBXBuildFile; fileRef = 7521BA2D2250714E00292099 /* YMHLSubCommentsModel.m */; };
		7521BA31225074F200292099 /* YMHLCommentTableViewCell.m in Sources */ = {isa = PBXBuildFile; fileRef = 7521BA30225074F200292099 /* YMHLCommentTableViewCell.m */; };
		752A1A77224E7F5F004B4B31 /* mook.json in Resources */ = {isa = PBXBuildFile; fileRef = 752A1A76224E7F5F004B4B31 /* mook.json */; };
		752A1A87224E7F7F004B4B31 /* UIView+LH.m in Sources */ = {isa = PBXBuildFile; fileRef = 752A1A7A224E7F7A004B4B31 /* UIView+LH.m */; };
		752A1A88224E7F7F004B4B31 /* UIView+ZDD.m in Sources */ = {isa = PBXBuildFile; fileRef = 752A1A7B224E7F7A004B4B31 /* UIView+ZDD.m */; };
		752A1A89224E7F7F004B4B31 /* NSMutableDictionary+Attributes.m in Sources */ = {isa = PBXBuildFile; fileRef = 752A1A7E224E7F7C004B4B31 /* NSMutableDictionary+Attributes.m */; };
		752A1A8A224E7F7F004B4B31 /* NSString+Regex.m in Sources */ = {isa = PBXBuildFile; fileRef = 752A1A81224E7F7D004B4B31 /* NSString+Regex.m */; };
		752A1A8B224E7F7F004B4B31 /* NSMutableAttributedString+Chain.m in Sources */ = {isa = PBXBuildFile; fileRef = 752A1A83224E7F7E004B4B31 /* NSMutableAttributedString+Chain.m */; };
		752A1A8C224E7F7F004B4B31 /* UIColor+CustomColors.m in Sources */ = {isa = PBXBuildFile; fileRef = 752A1A85224E7F7E004B4B31 /* UIColor+CustomColors.m */; };
		752A1A91224E7F93004B4B31 /* UINavigationController+FDFullscreenPopGesture.m in Sources */ = {isa = PBXBuildFile; fileRef = 752A1A90224E7F93004B4B31 /* UINavigationController+FDFullscreenPopGesture.m */; };
		752A1A97224E7FC3004B4B31 /* TEMPKeyConfiguration.m in Sources */ = {isa = PBXBuildFile; fileRef = 752A1A95224E7FC3004B4B31 /* TEMPKeyConfiguration.m */; };
		752A1A9B224E7FD2004B4B31 /* ZDDNotificationName.m in Sources */ = {isa = PBXBuildFile; fileRef = 752A1A9A224E7FD2004B4B31 /* ZDDNotificationName.m */; };
		752A1A9F224E7FE0004B4B31 /* ZDDThemeConfiguration.m in Sources */ = {isa = PBXBuildFile; fileRef = 752A1A9E224E7FE0004B4B31 /* ZDDThemeConfiguration.m */; };
		752A1AA2224E7FEC004B4B31 /* UIColor+ZDDColor.m in Sources */ = {isa = PBXBuildFile; fileRef = 752A1AA1224E7FEC004B4B31 /* UIColor+ZDDColor.m */; };
		752A1AA7224E7FF6004B4B31 /* UIView+ZDD.m in Sources */ = {isa = PBXBuildFile; fileRef = 752A1AA3224E7FF6004B4B31 /* UIView+ZDD.m */; };
		752A1AA8224E7FF6004B4B31 /* UIImage+Blur.m in Sources */ = {isa = PBXBuildFile; fileRef = 752A1AA5224E7FF6004B4B31 /* UIImage+Blur.m */; };
		752A1AB1224E8011004B4B31 /* Foundation+Log.m in Sources */ = {isa = PBXBuildFile; fileRef = 752A1AAB224E800F004B4B31 /* Foundation+Log.m */; };
		752A1AB2224E8011004B4B31 /* NSDictionary+HYBUnicodeReadable.m in Sources */ = {isa = PBXBuildFile; fileRef = 752A1AAD224E8010004B4B31 /* NSDictionary+HYBUnicodeReadable.m */; };
		752A1AB3224E8011004B4B31 /* NSArray+HYBUnicodeReadable.m in Sources */ = {isa = PBXBuildFile; fileRef = 752A1AAF224E8011004B4B31 /* NSArray+HYBUnicodeReadable.m */; };
		752A1AB4224E8011004B4B31 /* NSSet+HYBUnicodeReadable.m in Sources */ = {isa = PBXBuildFile; fileRef = 752A1AB0224E8011004B4B31 /* NSSet+HYBUnicodeReadable.m */; };
		752A1AB8224E801F004B4B31 /* ZDDPhotoBrowseView.m in Sources */ = {isa = PBXBuildFile; fileRef = 752A1AB6224E801F004B4B31 /* ZDDPhotoBrowseView.m */; };
		752A1ABC224E8359004B4B31 /* GODWebViewController.m in Sources */ = {isa = PBXBuildFile; fileRef = 752A1ABA224E8358004B4B31 /* GODWebViewController.m */; };
		752A1AC3224E8377004B4B31 /* TEMPAppDelegate+OpenURL.m in Sources */ = {isa = PBXBuildFile; fileRef = 752A1ABF224E8375004B4B31 /* TEMPAppDelegate+OpenURL.m */; };
		752A1AC4224E8377004B4B31 /* TEMPAppDelegate+PushService.m in Sources */ = {isa = PBXBuildFile; fileRef = 752A1AC1224E8376004B4B31 /* TEMPAppDelegate+PushService.m */; };
		752A1AC5224E8377004B4B31 /* TEMPAppDelegate+BackgroundTask.m in Sources */ = {isa = PBXBuildFile; fileRef = 752A1AC2224E8377004B4B31 /* TEMPAppDelegate+BackgroundTask.m */; };
		752A1ACA224E83A8004B4B31 /* TEMPLaunchManager.m in Sources */ = {isa = PBXBuildFile; fileRef = 752A1AC9224E83A8004B4B31 /* TEMPLaunchManager.m */; };
		752A1ACD224E83B5004B4B31 /* TEMPSDKManager.m in Sources */ = {isa = PBXBuildFile; fileRef = 752A1ACC224E83B5004B4B31 /* TEMPSDKManager.m */; };
		752A1AD6224E83DC004B4B31 /* ZDDTabBarController.m in Sources */ = {isa = PBXBuildFile; fileRef = 752A1AD0224E83DA004B4B31 /* ZDDTabBarController.m */; };
		752A1AD7224E83DC004B4B31 /* ZDDNavController.m in Sources */ = {isa = PBXBuildFile; fileRef = 752A1AD3224E83DB004B4B31 /* ZDDNavController.m */; };
		752A1AD8224E83DC004B4B31 /* ZDDBaseViewController.m in Sources */ = {isa = PBXBuildFile; fileRef = 752A1AD5224E83DC004B4B31 /* ZDDBaseViewController.m */; };
		752A1ADC224E83F7004B4B31 /* YMHLVideoFlowViewController.m in Sources */ = {isa = PBXBuildFile; fileRef = 752A1ADB224E83F6004B4B31 /* YMHLVideoFlowViewController.m */; };
		752A1AE3224E8400004B4B31 /* YMHLVideoCollectionViewCell.m in Sources */ = {isa = PBXBuildFile; fileRef = 752A1ADF224E83FE004B4B31 /* YMHLVideoCollectionViewCell.m */; };
		752A1AE4224E8400004B4B31 /* YMHLVideoflowLayout.m in Sources */ = {isa = PBXBuildFile; fileRef = 752A1AE0224E83FE004B4B31 /* YMHLVideoflowLayout.m */; };
		752A1AE5224E8400004B4B31 /* YMHLVideoModel.m in Sources */ = {isa = PBXBuildFile; fileRef = 752A1AE2224E83FF004B4B31 /* YMHLVideoModel.m */; };
		752A1AEB224E8433004B4B31 /* ZDDThridController.m in Sources */ = {isa = PBXBuildFile; fileRef = 752A1AE9224E8432004B4B31 /* ZDDThridController.m */; };
		752A1AEE224E8441004B4B31 /* ZDDSecondController.m in Sources */ = {isa = PBXBuildFile; fileRef = 752A1AEC224E8440004B4B31 /* ZDDSecondController.m */; };
		752A1AF5224E8462004B4B31 /* ZDDFirstController.m in Sources */ = {isa = PBXBuildFile; fileRef = 752A1AF3224E8461004B4B31 /* ZDDFirstController.m */; };
		752A1AFF224E847C004B4B31 /* ZDDInputView.m in Sources */ = {isa = PBXBuildFile; fileRef = 752A1AFB224E847B004B4B31 /* ZDDInputView.m */; };
		752A1B00224E847C004B4B31 /* ZDDFistListCellNode.m in Sources */ = {isa = PBXBuildFile; fileRef = 752A1AFC224E847B004B4B31 /* ZDDFistListCellNode.m */; };
		752A1B01224E847C004B4B31 /* ZDDCommentLIstView.m in Sources */ = {isa = PBXBuildFile; fileRef = 752A1AFE224E847C004B4B31 /* ZDDCommentLIstView.m */; };
		753BD049224E6B65003C4424 /* TEMPAppDelegate.m in Sources */ = {isa = PBXBuildFile; fileRef = 753BD048224E6B65003C4424 /* TEMPAppDelegate.m */; };
		753BD051224E6B66003C4424 /* Assets.xcassets in Resources */ = {isa = PBXBuildFile; fileRef = 753BD050224E6B66003C4424 /* Assets.xcassets */; };
		753BD054224E6B66003C4424 /* LaunchScreen.storyboard in Resources */ = {isa = PBXBuildFile; fileRef = 753BD052224E6B66003C4424 /* LaunchScreen.storyboard */; };
		753BD057224E6B66003C4424 /* main.m in Sources */ = {isa = PBXBuildFile; fileRef = 753BD056224E6B66003C4424 /* main.m */; };
		755AEA3922507680008E0F33 /* YMHLSubcommentTableViewCell.m in Sources */ = {isa = PBXBuildFile; fileRef = 755AEA3822507680008E0F33 /* YMHLSubcommentTableViewCell.m */; };
		755AEA3C22509A1A008E0F33 /* NSString+YMHLAdditions.m in Sources */ = {isa = PBXBuildFile; fileRef = 755AEA3B22509A1A008E0F33 /* NSString+YMHLAdditions.m */; };
		B281997060E7376A8BA1C87E /* libPods-HAHA.a in Frameworks */ = {isa = PBXBuildFile; fileRef = 0FC519B347F9056DD4EFD649 /* libPods-HAHA.a */; };
/* End PBXBuildFile section */

/* Begin PBXFileReference section */
		0FC519B347F9056DD4EFD649 /* libPods-HAHA.a */ = {isa = PBXFileReference; explicitFileType = archive.ar; includeInIndex = 0; path = "libPods-HAHA.a"; sourceTree = BUILT_PRODUCTS_DIR; };
		37202548224F0B1D00E25AA4 /* ZDDCommentCellNode.m */ = {isa = PBXFileReference; fileEncoding = 4; lastKnownFileType = sourcecode.c.objc; path = ZDDCommentCellNode.m; sourceTree = "<group>"; };
		37202549224F0B1E00E25AA4 /* ZDDCommentCellNode.h */ = {isa = PBXFileReference; fileEncoding = 4; lastKnownFileType = sourcecode.c.h; path = ZDDCommentCellNode.h; sourceTree = "<group>"; };
		3720254C224F225100E25AA4 /* POPMath.h */ = {isa = PBXFileReference; fileEncoding = 4; lastKnownFileType = sourcecode.c.h; path = POPMath.h; sourceTree = "<group>"; };
		3720254D224F225100E25AA4 /* POPDefines.h */ = {isa = PBXFileReference; fileEncoding = 4; lastKnownFileType = sourcecode.c.h; path = POPDefines.h; sourceTree = "<group>"; };
		3720254E224F225100E25AA4 /* POPAnimationInternal.h */ = {isa = PBXFileReference; fileEncoding = 4; lastKnownFileType = sourcecode.c.h; path = POPAnimationInternal.h; sourceTree = "<group>"; };
		3720254F224F225100E25AA4 /* POPAnimationExtras.h */ = {isa = PBXFileReference; fileEncoding = 4; lastKnownFileType = sourcecode.c.h; path = POPAnimationExtras.h; sourceTree = "<group>"; };
		37202550224F225100E25AA4 /* POPAnimationEvent.h */ = {isa = PBXFileReference; fileEncoding = 4; lastKnownFileType = sourcecode.c.h; path = POPAnimationEvent.h; sourceTree = "<group>"; };
		37202551224F225100E25AA4 /* POPBasicAnimationInternal.h */ = {isa = PBXFileReference; fileEncoding = 4; lastKnownFileType = sourcecode.c.h; path = POPBasicAnimationInternal.h; sourceTree = "<group>"; };
		37202552224F225100E25AA4 /* POPCGUtils.mm */ = {isa = PBXFileReference; fileEncoding = 4; lastKnownFileType = sourcecode.cpp.objcpp; path = POPCGUtils.mm; sourceTree = "<group>"; };
		37202553224F225100E25AA4 /* POPPropertyAnimationInternal.h */ = {isa = PBXFileReference; fileEncoding = 4; lastKnownFileType = sourcecode.c.h; path = POPPropertyAnimationInternal.h; sourceTree = "<group>"; };
		37202554224F225100E25AA4 /* pop-ios-Info.plist */ = {isa = PBXFileReference; fileEncoding = 4; lastKnownFileType = text.plist.xml; path = "pop-ios-Info.plist"; sourceTree = "<group>"; };
		37202555224F225100E25AA4 /* POPDecayAnimationInternal.h */ = {isa = PBXFileReference; fileEncoding = 4; lastKnownFileType = sourcecode.c.h; path = POPDecayAnimationInternal.h; sourceTree = "<group>"; };
		37202556224F225100E25AA4 /* POPSpringAnimation.h */ = {isa = PBXFileReference; fileEncoding = 4; lastKnownFileType = sourcecode.c.h; path = POPSpringAnimation.h; sourceTree = "<group>"; };
		37202557224F225100E25AA4 /* POPBasicAnimation.h */ = {isa = PBXFileReference; fileEncoding = 4; lastKnownFileType = sourcecode.c.h; path = POPBasicAnimation.h; sourceTree = "<group>"; };
		37202558224F225100E25AA4 /* POPMath.mm */ = {isa = PBXFileReference; fileEncoding = 4; lastKnownFileType = sourcecode.cpp.objcpp; path = POPMath.mm; sourceTree = "<group>"; };
		37202559224F225100E25AA4 /* POPAnimationPrivate.h */ = {isa = PBXFileReference; fileEncoding = 4; lastKnownFileType = sourcecode.c.h; path = POPAnimationPrivate.h; sourceTree = "<group>"; };
		3720255A224F225100E25AA4 /* POPAction.h */ = {isa = PBXFileReference; fileEncoding = 4; lastKnownFileType = sourcecode.c.h; path = POPAction.h; sourceTree = "<group>"; };
		3720255B224F225100E25AA4 /* POPSpringAnimation.mm */ = {isa = PBXFileReference; fileEncoding = 4; lastKnownFileType = sourcecode.cpp.objcpp; path = POPSpringAnimation.mm; sourceTree = "<group>"; };
		3720255C224F225100E25AA4 /* POPCustomAnimation.mm */ = {isa = PBXFileReference; fileEncoding = 4; lastKnownFileType = sourcecode.cpp.objcpp; path = POPCustomAnimation.mm; sourceTree = "<group>"; };
		3720255D224F225100E25AA4 /* POPCustomAnimation.h */ = {isa = PBXFileReference; fileEncoding = 4; lastKnownFileType = sourcecode.c.h; path = POPCustomAnimation.h; sourceTree = "<group>"; };
		3720255E224F225100E25AA4 /* POPPropertyAnimation.h */ = {isa = PBXFileReference; fileEncoding = 4; lastKnownFileType = sourcecode.c.h; path = POPPropertyAnimation.h; sourceTree = "<group>"; };
		3720255F224F225100E25AA4 /* POPAnimationTracer.mm */ = {isa = PBXFileReference; fileEncoding = 4; lastKnownFileType = sourcecode.cpp.objcpp; path = POPAnimationTracer.mm; sourceTree = "<group>"; };
		37202560224F225100E25AA4 /* POPCGUtils.h */ = {isa = PBXFileReference; fileEncoding = 4; lastKnownFileType = sourcecode.c.h; path = POPCGUtils.h; sourceTree = "<group>"; };
		37202561224F225100E25AA4 /* POPAnimationExtras.mm */ = {isa = PBXFileReference; fileEncoding = 4; lastKnownFileType = sourcecode.cpp.objcpp; path = POPAnimationExtras.mm; sourceTree = "<group>"; };
		37202562224F225100E25AA4 /* pop-tvos-Info.plist */ = {isa = PBXFileReference; fileEncoding = 4; lastKnownFileType = text.plist.xml; path = "pop-tvos-Info.plist"; sourceTree = "<group>"; };
		37202563224F225100E25AA4 /* POPGeometry.h */ = {isa = PBXFileReference; fileEncoding = 4; lastKnownFileType = sourcecode.c.h; path = POPGeometry.h; sourceTree = "<group>"; };
		37202564224F225100E25AA4 /* POPDecayAnimation.mm */ = {isa = PBXFileReference; fileEncoding = 4; lastKnownFileType = sourcecode.cpp.objcpp; path = POPDecayAnimation.mm; sourceTree = "<group>"; };
		37202565224F225100E25AA4 /* POPSpringAnimationInternal.h */ = {isa = PBXFileReference; fileEncoding = 4; lastKnownFileType = sourcecode.c.h; path = POPSpringAnimationInternal.h; sourceTree = "<group>"; };
		37202566224F225100E25AA4 /* pop-osx-Info.plist */ = {isa = PBXFileReference; fileEncoding = 4; lastKnownFileType = text.plist.xml; path = "pop-osx-Info.plist"; sourceTree = "<group>"; };
		37202567224F225100E25AA4 /* POPDecayAnimation.h */ = {isa = PBXFileReference; fileEncoding = 4; lastKnownFileType = sourcecode.c.h; path = POPDecayAnimation.h; sourceTree = "<group>"; };
		37202568224F225100E25AA4 /* POPSpringSolver.h */ = {isa = PBXFileReference; fileEncoding = 4; lastKnownFileType = sourcecode.c.h; path = POPSpringSolver.h; sourceTree = "<group>"; };
		37202569224F225100E25AA4 /* POPAnimatableProperty.h */ = {isa = PBXFileReference; fileEncoding = 4; lastKnownFileType = sourcecode.c.h; path = POPAnimatableProperty.h; sourceTree = "<group>"; };
		3720256A224F225100E25AA4 /* POPAnimator.h */ = {isa = PBXFileReference; fileEncoding = 4; lastKnownFileType = sourcecode.c.h; path = POPAnimator.h; sourceTree = "<group>"; };
		3720256B224F225100E25AA4 /* POPAnimationRuntime.h */ = {isa = PBXFileReference; fileEncoding = 4; lastKnownFileType = sourcecode.c.h; path = POPAnimationRuntime.h; sourceTree = "<group>"; };
		3720256C224F225100E25AA4 /* POP.h */ = {isa = PBXFileReference; fileEncoding = 4; lastKnownFileType = sourcecode.c.h; path = POP.h; sourceTree = "<group>"; };
		3720256D224F225100E25AA4 /* POPPropertyAnimation.mm */ = {isa = PBXFileReference; fileEncoding = 4; lastKnownFileType = sourcecode.cpp.objcpp; path = POPPropertyAnimation.mm; sourceTree = "<group>"; };
		3720256E224F225100E25AA4 /* POPLayerExtras.h */ = {isa = PBXFileReference; fileEncoding = 4; lastKnownFileType = sourcecode.c.h; path = POPLayerExtras.h; sourceTree = "<group>"; };
		3720256F224F225100E25AA4 /* POPAnimation.mm */ = {isa = PBXFileReference; fileEncoding = 4; lastKnownFileType = sourcecode.cpp.objcpp; path = POPAnimation.mm; sourceTree = "<group>"; };
		37202570224F225100E25AA4 /* POPGeometry.mm */ = {isa = PBXFileReference; fileEncoding = 4; lastKnownFileType = sourcecode.cpp.objcpp; path = POPGeometry.mm; sourceTree = "<group>"; };
		37202571224F225100E25AA4 /* POPBasicAnimation.mm */ = {isa = PBXFileReference; fileEncoding = 4; lastKnownFileType = sourcecode.cpp.objcpp; path = POPBasicAnimation.mm; sourceTree = "<group>"; };
		37202573224F225100E25AA4 /* TransformationMatrix.mm */ = {isa = PBXFileReference; fileEncoding = 4; lastKnownFileType = sourcecode.cpp.objcpp; path = TransformationMatrix.mm; sourceTree = "<group>"; };
		37202574224F225100E25AA4 /* TransformationMatrix.h */ = {isa = PBXFileReference; fileEncoding = 4; lastKnownFileType = sourcecode.c.h; path = TransformationMatrix.h; sourceTree = "<group>"; };
		37202575224F225100E25AA4 /* FloatConversion.h */ = {isa = PBXFileReference; fileEncoding = 4; lastKnownFileType = sourcecode.c.h; path = FloatConversion.h; sourceTree = "<group>"; };
		37202576224F225200E25AA4 /* UnitBezier.h */ = {isa = PBXFileReference; fileEncoding = 4; lastKnownFileType = sourcecode.c.h; path = UnitBezier.h; sourceTree = "<group>"; };
		37202577224F225200E25AA4 /* POPAnimationTracerInternal.h */ = {isa = PBXFileReference; fileEncoding = 4; lastKnownFileType = sourcecode.c.h; path = POPAnimationTracerInternal.h; sourceTree = "<group>"; };
		37202578224F225200E25AA4 /* POPAnimationEventInternal.h */ = {isa = PBXFileReference; fileEncoding = 4; lastKnownFileType = sourcecode.c.h; path = POPAnimationEventInternal.h; sourceTree = "<group>"; };
		37202579224F225200E25AA4 /* POPAnimator.mm */ = {isa = PBXFileReference; fileEncoding = 4; lastKnownFileType = sourcecode.cpp.objcpp; path = POPAnimator.mm; sourceTree = "<group>"; };
		3720257A224F225200E25AA4 /* POPAnimatableProperty.mm */ = {isa = PBXFileReference; fileEncoding = 4; lastKnownFileType = sourcecode.cpp.objcpp; path = POPAnimatableProperty.mm; sourceTree = "<group>"; };
		3720257B224F225200E25AA4 /* POPAnimation.h */ = {isa = PBXFileReference; fileEncoding = 4; lastKnownFileType = sourcecode.c.h; path = POPAnimation.h; sourceTree = "<group>"; };
		3720257C224F225200E25AA4 /* module.modulemap */ = {isa = PBXFileReference; fileEncoding = 4; lastKnownFileType = "sourcecode.module-map"; path = module.modulemap; sourceTree = "<group>"; };
		3720257D224F225200E25AA4 /* POPAnimationRuntime.mm */ = {isa = PBXFileReference; fileEncoding = 4; lastKnownFileType = sourcecode.cpp.objcpp; path = POPAnimationRuntime.mm; sourceTree = "<group>"; };
		3720257E224F225200E25AA4 /* POPAnimationEvent.mm */ = {isa = PBXFileReference; fileEncoding = 4; lastKnownFileType = sourcecode.cpp.objcpp; path = POPAnimationEvent.mm; sourceTree = "<group>"; };
		3720257F224F225200E25AA4 /* POPLayerExtras.mm */ = {isa = PBXFileReference; fileEncoding = 4; lastKnownFileType = sourcecode.cpp.objcpp; path = POPLayerExtras.mm; sourceTree = "<group>"; };
		37202580224F225200E25AA4 /* POPVector.mm */ = {isa = PBXFileReference; fileEncoding = 4; lastKnownFileType = sourcecode.cpp.objcpp; path = POPVector.mm; sourceTree = "<group>"; };
		37202581224F225200E25AA4 /* POPVector.h */ = {isa = PBXFileReference; fileEncoding = 4; lastKnownFileType = sourcecode.c.h; path = POPVector.h; sourceTree = "<group>"; };
		37202582224F225200E25AA4 /* POPAnimatorPrivate.h */ = {isa = PBXFileReference; fileEncoding = 4; lastKnownFileType = sourcecode.c.h; path = POPAnimatorPrivate.h; sourceTree = "<group>"; };
		37202583224F225200E25AA4 /* POPAnimationTracer.h */ = {isa = PBXFileReference; fileEncoding = 4; lastKnownFileType = sourcecode.c.h; path = POPAnimationTracer.h; sourceTree = "<group>"; };
		37202599224F491700E25AA4 /* GODUserModel.m */ = {isa = PBXFileReference; fileEncoding = 4; lastKnownFileType = sourcecode.c.objc; path = GODUserModel.m; sourceTree = "<group>"; };
		3720259A224F491800E25AA4 /* GODUserModel.h */ = {isa = PBXFileReference; fileEncoding = 4; lastKnownFileType = sourcecode.c.h; path = GODUserModel.h; sourceTree = "<group>"; };
		3720259B224F491800E25AA4 /* GODUserTool.m */ = {isa = PBXFileReference; fileEncoding = 4; lastKnownFileType = sourcecode.c.objc; path = GODUserTool.m; sourceTree = "<group>"; };
		3720259C224F491900E25AA4 /* GODUserTool.h */ = {isa = PBXFileReference; fileEncoding = 4; lastKnownFileType = sourcecode.c.h; path = GODUserTool.h; sourceTree = "<group>"; };
		3720259F224F49AF00E25AA4 /* ZDDDuanziModel.h */ = {isa = PBXFileReference; lastKnownFileType = sourcecode.c.h; path = ZDDDuanziModel.h; sourceTree = "<group>"; };
		372025A0224F49AF00E25AA4 /* ZDDDuanziModel.m */ = {isa = PBXFileReference; lastKnownFileType = sourcecode.c.objc; path = ZDDDuanziModel.m; sourceTree = "<group>"; };
		372025A2224F51DA00E25AA4 /* ZDDCommentModel.h */ = {isa = PBXFileReference; lastKnownFileType = sourcecode.c.h; path = ZDDCommentModel.h; sourceTree = "<group>"; };
		372025A3224F51DA00E25AA4 /* ZDDCommentModel.m */ = {isa = PBXFileReference; lastKnownFileType = sourcecode.c.objc; path = ZDDCommentModel.m; sourceTree = "<group>"; };
		372025A7224F57E400E25AA4 /* ZDDLogInController.h */ = {isa = PBXFileReference; lastKnownFileType = sourcecode.c.h; path = ZDDLogInController.h; sourceTree = "<group>"; };
		372025A8224F57E400E25AA4 /* ZDDLogInController.m */ = {isa = PBXFileReference; lastKnownFileType = sourcecode.c.objc; path = ZDDLogInController.m; sourceTree = "<group>"; };
		5E4B2110EE268EF4AA6ABCD8 /* Pods-HAHA.debug.xcconfig */ = {isa = PBXFileReference; includeInIndex = 1; lastKnownFileType = text.xcconfig; name = "Pods-HAHA.debug.xcconfig"; path = "Target Support Files/Pods-HAHA/Pods-HAHA.debug.xcconfig"; sourceTree = "<group>"; };
		7521BA1C224F0D7F00292099 /* YMHLUserModel.h */ = {isa = PBXFileReference; lastKnownFileType = sourcecode.c.h; path = YMHLUserModel.h; sourceTree = "<group>"; };
		7521BA1D224F0D7F00292099 /* YMHLUserModel.m */ = {isa = PBXFileReference; lastKnownFileType = sourcecode.c.objc; path = YMHLUserModel.m; sourceTree = "<group>"; };
		7521BA20224F994000292099 /* YMHLBaseViewController.h */ = {isa = PBXFileReference; lastKnownFileType = sourcecode.c.h; path = YMHLBaseViewController.h; sourceTree = "<group>"; };
		7521BA21224F994000292099 /* YMHLBaseViewController.m */ = {isa = PBXFileReference; lastKnownFileType = sourcecode.c.objc; path = YMHLBaseViewController.m; sourceTree = "<group>"; };
		7521BA2322505AA000292099 /* ASButtonNode+LHExtension.h */ = {isa = PBXFileReference; fileEncoding = 4; lastKnownFileType = sourcecode.c.h; path = "ASButtonNode+LHExtension.h"; sourceTree = "<group>"; };
		7521BA2422505AA000292099 /* ASButtonNode+LHExtension.m */ = {isa = PBXFileReference; fileEncoding = 4; lastKnownFileType = sourcecode.c.objc; path = "ASButtonNode+LHExtension.m"; sourceTree = "<group>"; };
		7521BA2722505FCA00292099 /* YMHLVideoDetailViewController.h */ = {isa = PBXFileReference; lastKnownFileType = sourcecode.c.h; path = YMHLVideoDetailViewController.h; sourceTree = "<group>"; };
		7521BA2822505FCA00292099 /* YMHLVideoDetailViewController.m */ = {isa = PBXFileReference; lastKnownFileType = sourcecode.c.objc; path = YMHLVideoDetailViewController.m; sourceTree = "<group>"; };
		7521BA2C2250714E00292099 /* YMHLSubCommentsModel.h */ = {isa = PBXFileReference; lastKnownFileType = sourcecode.c.h; path = YMHLSubCommentsModel.h; sourceTree = "<group>"; };
		7521BA2D2250714E00292099 /* YMHLSubCommentsModel.m */ = {isa = PBXFileReference; lastKnownFileType = sourcecode.c.objc; path = YMHLSubCommentsModel.m; sourceTree = "<group>"; };
		7521BA2F225074F200292099 /* YMHLCommentTableViewCell.h */ = {isa = PBXFileReference; lastKnownFileType = sourcecode.c.h; path = YMHLCommentTableViewCell.h; sourceTree = "<group>"; };
		7521BA30225074F200292099 /* YMHLCommentTableViewCell.m */ = {isa = PBXFileReference; lastKnownFileType = sourcecode.c.objc; path = YMHLCommentTableViewCell.m; sourceTree = "<group>"; };
		752A1A74224E7EF7004B4B31 /* PrefixHeader.pch */ = {isa = PBXFileReference; lastKnownFileType = sourcecode.c.h; path = PrefixHeader.pch; sourceTree = "<group>"; };
		752A1A76224E7F5F004B4B31 /* mook.json */ = {isa = PBXFileReference; fileEncoding = 4; lastKnownFileType = text.json; path = mook.json; sourceTree = "<group>"; };
		752A1A79224E7F7A004B4B31 /* NSMutableAttributedString+Chain.h */ = {isa = PBXFileReference; fileEncoding = 4; lastKnownFileType = sourcecode.c.h; path = "NSMutableAttributedString+Chain.h"; sourceTree = "<group>"; };
		752A1A7A224E7F7A004B4B31 /* UIView+LH.m */ = {isa = PBXFileReference; fileEncoding = 4; lastKnownFileType = sourcecode.c.objc; path = "UIView+LH.m"; sourceTree = "<group>"; };
		752A1A7B224E7F7A004B4B31 /* UIView+ZDD.m */ = {isa = PBXFileReference; fileEncoding = 4; lastKnownFileType = sourcecode.c.objc; path = "UIView+ZDD.m"; sourceTree = "<group>"; };
		752A1A7C224E7F7B004B4B31 /* NSString+Regex.h */ = {isa = PBXFileReference; fileEncoding = 4; lastKnownFileType = sourcecode.c.h; path = "NSString+Regex.h"; sourceTree = "<group>"; };
		752A1A7D224E7F7B004B4B31 /* UIColor+CustomColors.h */ = {isa = PBXFileReference; fileEncoding = 4; lastKnownFileType = sourcecode.c.h; path = "UIColor+CustomColors.h"; sourceTree = "<group>"; };
		752A1A7E224E7F7C004B4B31 /* NSMutableDictionary+Attributes.m */ = {isa = PBXFileReference; fileEncoding = 4; lastKnownFileType = sourcecode.c.objc; path = "NSMutableDictionary+Attributes.m"; sourceTree = "<group>"; };
		752A1A7F224E7F7C004B4B31 /* UIView+ZDD.h */ = {isa = PBXFileReference; fileEncoding = 4; lastKnownFileType = sourcecode.c.h; path = "UIView+ZDD.h"; sourceTree = "<group>"; };
		752A1A80224E7F7C004B4B31 /* UIView+LH.h */ = {isa = PBXFileReference; fileEncoding = 4; lastKnownFileType = sourcecode.c.h; path = "UIView+LH.h"; sourceTree = "<group>"; };
		752A1A81224E7F7D004B4B31 /* NSString+Regex.m */ = {isa = PBXFileReference; fileEncoding = 4; lastKnownFileType = sourcecode.c.objc; path = "NSString+Regex.m"; sourceTree = "<group>"; };
		752A1A83224E7F7E004B4B31 /* NSMutableAttributedString+Chain.m */ = {isa = PBXFileReference; fileEncoding = 4; lastKnownFileType = sourcecode.c.objc; path = "NSMutableAttributedString+Chain.m"; sourceTree = "<group>"; };
		752A1A84224E7F7E004B4B31 /* NSMutableDictionary+Attributes.h */ = {isa = PBXFileReference; fileEncoding = 4; lastKnownFileType = sourcecode.c.h; path = "NSMutableDictionary+Attributes.h"; sourceTree = "<group>"; };
		752A1A85224E7F7E004B4B31 /* UIColor+CustomColors.m */ = {isa = PBXFileReference; fileEncoding = 4; lastKnownFileType = sourcecode.c.objc; path = "UIColor+CustomColors.m"; sourceTree = "<group>"; };
		752A1A8F224E7F92004B4B31 /* UINavigationController+FDFullscreenPopGesture.h */ = {isa = PBXFileReference; fileEncoding = 4; lastKnownFileType = sourcecode.c.h; path = "UINavigationController+FDFullscreenPopGesture.h"; sourceTree = "<group>"; };
		752A1A90224E7F93004B4B31 /* UINavigationController+FDFullscreenPopGesture.m */ = {isa = PBXFileReference; fileEncoding = 4; lastKnownFileType = sourcecode.c.objc; path = "UINavigationController+FDFullscreenPopGesture.m"; sourceTree = "<group>"; };
		752A1A93224E7FAB004B4B31 /* TEMPMacro.h */ = {isa = PBXFileReference; fileEncoding = 4; lastKnownFileType = sourcecode.c.h; path = TEMPMacro.h; sourceTree = "<group>"; };
		752A1A95224E7FC3004B4B31 /* TEMPKeyConfiguration.m */ = {isa = PBXFileReference; fileEncoding = 4; lastKnownFileType = sourcecode.c.objc; path = TEMPKeyConfiguration.m; sourceTree = "<group>"; };
		752A1A96224E7FC3004B4B31 /* TEMPKeyConfiguration.h */ = {isa = PBXFileReference; fileEncoding = 4; lastKnownFileType = sourcecode.c.h; path = TEMPKeyConfiguration.h; sourceTree = "<group>"; };
		752A1A99224E7FD2004B4B31 /* ZDDNotificationName.h */ = {isa = PBXFileReference; fileEncoding = 4; lastKnownFileType = sourcecode.c.h; path = ZDDNotificationName.h; sourceTree = "<group>"; };
		752A1A9A224E7FD2004B4B31 /* ZDDNotificationName.m */ = {isa = PBXFileReference; fileEncoding = 4; lastKnownFileType = sourcecode.c.objc; path = ZDDNotificationName.m; sourceTree = "<group>"; };
		752A1A9D224E7FE0004B4B31 /* ZDDThemeConfiguration.h */ = {isa = PBXFileReference; fileEncoding = 4; lastKnownFileType = sourcecode.c.h; path = ZDDThemeConfiguration.h; sourceTree = "<group>"; };
		752A1A9E224E7FE0004B4B31 /* ZDDThemeConfiguration.m */ = {isa = PBXFileReference; fileEncoding = 4; lastKnownFileType = sourcecode.c.objc; path = ZDDThemeConfiguration.m; sourceTree = "<group>"; };
		752A1AA0224E7FEB004B4B31 /* UIColor+ZDDColor.h */ = {isa = PBXFileReference; fileEncoding = 4; lastKnownFileType = sourcecode.c.h; path = "UIColor+ZDDColor.h"; sourceTree = "<group>"; };
		752A1AA1224E7FEC004B4B31 /* UIColor+ZDDColor.m */ = {isa = PBXFileReference; fileEncoding = 4; lastKnownFileType = sourcecode.c.objc; path = "UIColor+ZDDColor.m"; sourceTree = "<group>"; };
		752A1AA3224E7FF6004B4B31 /* UIView+ZDD.m */ = {isa = PBXFileReference; fileEncoding = 4; lastKnownFileType = sourcecode.c.objc; path = "UIView+ZDD.m"; sourceTree = "<group>"; };
		752A1AA4224E7FF6004B4B31 /* UIImage+Blur.h */ = {isa = PBXFileReference; fileEncoding = 4; lastKnownFileType = sourcecode.c.h; path = "UIImage+Blur.h"; sourceTree = "<group>"; };
		752A1AA5224E7FF6004B4B31 /* UIImage+Blur.m */ = {isa = PBXFileReference; fileEncoding = 4; lastKnownFileType = sourcecode.c.objc; path = "UIImage+Blur.m"; sourceTree = "<group>"; };
		752A1AA6224E7FF6004B4B31 /* UIView+ZDD.h */ = {isa = PBXFileReference; fileEncoding = 4; lastKnownFileType = sourcecode.c.h; path = "UIView+ZDD.h"; sourceTree = "<group>"; };
		752A1AAA224E800F004B4B31 /* NSSet+HYBUnicodeReadable.h */ = {isa = PBXFileReference; fileEncoding = 4; lastKnownFileType = sourcecode.c.h; path = "NSSet+HYBUnicodeReadable.h"; sourceTree = "<group>"; };
		752A1AAB224E800F004B4B31 /* Foundation+Log.m */ = {isa = PBXFileReference; fileEncoding = 4; lastKnownFileType = sourcecode.c.objc; path = "Foundation+Log.m"; sourceTree = "<group>"; };
		752A1AAC224E8010004B4B31 /* NSDictionary+HYBUnicodeReadable.h */ = {isa = PBXFileReference; fileEncoding = 4; lastKnownFileType = sourcecode.c.h; path = "NSDictionary+HYBUnicodeReadable.h"; sourceTree = "<group>"; };
		752A1AAD224E8010004B4B31 /* NSDictionary+HYBUnicodeReadable.m */ = {isa = PBXFileReference; fileEncoding = 4; lastKnownFileType = sourcecode.c.objc; path = "NSDictionary+HYBUnicodeReadable.m"; sourceTree = "<group>"; };
		752A1AAE224E8010004B4B31 /* NSArray+HYBUnicodeReadable.h */ = {isa = PBXFileReference; fileEncoding = 4; lastKnownFileType = sourcecode.c.h; path = "NSArray+HYBUnicodeReadable.h"; sourceTree = "<group>"; };
		752A1AAF224E8011004B4B31 /* NSArray+HYBUnicodeReadable.m */ = {isa = PBXFileReference; fileEncoding = 4; lastKnownFileType = sourcecode.c.objc; path = "NSArray+HYBUnicodeReadable.m"; sourceTree = "<group>"; };
		752A1AB0224E8011004B4B31 /* NSSet+HYBUnicodeReadable.m */ = {isa = PBXFileReference; fileEncoding = 4; lastKnownFileType = sourcecode.c.objc; path = "NSSet+HYBUnicodeReadable.m"; sourceTree = "<group>"; };
		752A1AB6224E801F004B4B31 /* ZDDPhotoBrowseView.m */ = {isa = PBXFileReference; fileEncoding = 4; lastKnownFileType = sourcecode.c.objc; path = ZDDPhotoBrowseView.m; sourceTree = "<group>"; };
		752A1AB7224E801F004B4B31 /* ZDDPhotoBrowseView.h */ = {isa = PBXFileReference; fileEncoding = 4; lastKnownFileType = sourcecode.c.h; path = ZDDPhotoBrowseView.h; sourceTree = "<group>"; };
		752A1ABA224E8358004B4B31 /* GODWebViewController.m */ = {isa = PBXFileReference; fileEncoding = 4; lastKnownFileType = sourcecode.c.objc; path = GODWebViewController.m; sourceTree = "<group>"; };
		752A1ABB224E8358004B4B31 /* GODWebViewController.h */ = {isa = PBXFileReference; fileEncoding = 4; lastKnownFileType = sourcecode.c.h; path = GODWebViewController.h; sourceTree = "<group>"; };
		752A1ABD224E8374004B4B31 /* TEMPAppDelegate+OpenURL.h */ = {isa = PBXFileReference; fileEncoding = 4; lastKnownFileType = sourcecode.c.h; path = "TEMPAppDelegate+OpenURL.h"; sourceTree = "<group>"; };
		752A1ABE224E8374004B4B31 /* TEMPAppDelegate+BackgroundTask.h */ = {isa = PBXFileReference; fileEncoding = 4; lastKnownFileType = sourcecode.c.h; path = "TEMPAppDelegate+BackgroundTask.h"; sourceTree = "<group>"; };
		752A1ABF224E8375004B4B31 /* TEMPAppDelegate+OpenURL.m */ = {isa = PBXFileReference; fileEncoding = 4; lastKnownFileType = sourcecode.c.objc; path = "TEMPAppDelegate+OpenURL.m"; sourceTree = "<group>"; };
		752A1AC0224E8376004B4B31 /* TEMPAppDelegate+PushService.h */ = {isa = PBXFileReference; fileEncoding = 4; lastKnownFileType = sourcecode.c.h; path = "TEMPAppDelegate+PushService.h"; sourceTree = "<group>"; };
		752A1AC1224E8376004B4B31 /* TEMPAppDelegate+PushService.m */ = {isa = PBXFileReference; fileEncoding = 4; lastKnownFileType = sourcecode.c.objc; path = "TEMPAppDelegate+PushService.m"; sourceTree = "<group>"; };
		752A1AC2224E8377004B4B31 /* TEMPAppDelegate+BackgroundTask.m */ = {isa = PBXFileReference; fileEncoding = 4; lastKnownFileType = sourcecode.c.objc; path = "TEMPAppDelegate+BackgroundTask.m"; sourceTree = "<group>"; };
		752A1AC8224E83A7004B4B31 /* TEMPLaunchManager.h */ = {isa = PBXFileReference; fileEncoding = 4; lastKnownFileType = sourcecode.c.h; path = TEMPLaunchManager.h; sourceTree = "<group>"; };
		752A1AC9224E83A8004B4B31 /* TEMPLaunchManager.m */ = {isa = PBXFileReference; fileEncoding = 4; lastKnownFileType = sourcecode.c.objc; path = TEMPLaunchManager.m; sourceTree = "<group>"; };
		752A1ACB224E83B5004B4B31 /* TEMPSDKManager.h */ = {isa = PBXFileReference; fileEncoding = 4; lastKnownFileType = sourcecode.c.h; path = TEMPSDKManager.h; sourceTree = "<group>"; };
		752A1ACC224E83B5004B4B31 /* TEMPSDKManager.m */ = {isa = PBXFileReference; fileEncoding = 4; lastKnownFileType = sourcecode.c.objc; path = TEMPSDKManager.m; sourceTree = "<group>"; };
		752A1AD0224E83DA004B4B31 /* ZDDTabBarController.m */ = {isa = PBXFileReference; fileEncoding = 4; lastKnownFileType = sourcecode.c.objc; path = ZDDTabBarController.m; sourceTree = "<group>"; };
		752A1AD1224E83DA004B4B31 /* ZDDTabBarController.h */ = {isa = PBXFileReference; fileEncoding = 4; lastKnownFileType = sourcecode.c.h; path = ZDDTabBarController.h; sourceTree = "<group>"; };
		752A1AD2224E83DB004B4B31 /* ZDDBaseViewController.h */ = {isa = PBXFileReference; fileEncoding = 4; lastKnownFileType = sourcecode.c.h; path = ZDDBaseViewController.h; sourceTree = "<group>"; };
		752A1AD3224E83DB004B4B31 /* ZDDNavController.m */ = {isa = PBXFileReference; fileEncoding = 4; lastKnownFileType = sourcecode.c.objc; path = ZDDNavController.m; sourceTree = "<group>"; };
		752A1AD4224E83DB004B4B31 /* ZDDNavController.h */ = {isa = PBXFileReference; fileEncoding = 4; lastKnownFileType = sourcecode.c.h; path = ZDDNavController.h; sourceTree = "<group>"; };
		752A1AD5224E83DC004B4B31 /* ZDDBaseViewController.m */ = {isa = PBXFileReference; fileEncoding = 4; lastKnownFileType = sourcecode.c.objc; path = ZDDBaseViewController.m; sourceTree = "<group>"; };
		752A1ADA224E83F6004B4B31 /* YMHLVideoFlowViewController.h */ = {isa = PBXFileReference; fileEncoding = 4; lastKnownFileType = sourcecode.c.h; path = YMHLVideoFlowViewController.h; sourceTree = "<group>"; };
		752A1ADB224E83F6004B4B31 /* YMHLVideoFlowViewController.m */ = {isa = PBXFileReference; fileEncoding = 4; lastKnownFileType = sourcecode.c.objc; path = YMHLVideoFlowViewController.m; sourceTree = "<group>"; };
		752A1ADD224E83FD004B4B31 /* YMHLVideoModel.h */ = {isa = PBXFileReference; fileEncoding = 4; lastKnownFileType = sourcecode.c.h; path = YMHLVideoModel.h; sourceTree = "<group>"; };
		752A1ADE224E83FD004B4B31 /* YMHLVideoCollectionViewCell.h */ = {isa = PBXFileReference; fileEncoding = 4; lastKnownFileType = sourcecode.c.h; path = YMHLVideoCollectionViewCell.h; sourceTree = "<group>"; };
		752A1ADF224E83FE004B4B31 /* YMHLVideoCollectionViewCell.m */ = {isa = PBXFileReference; fileEncoding = 4; lastKnownFileType = sourcecode.c.objc; path = YMHLVideoCollectionViewCell.m; sourceTree = "<group>"; };
		752A1AE0224E83FE004B4B31 /* YMHLVideoflowLayout.m */ = {isa = PBXFileReference; fileEncoding = 4; lastKnownFileType = sourcecode.c.objc; path = YMHLVideoflowLayout.m; sourceTree = "<group>"; };
		752A1AE1224E83FF004B4B31 /* YMHLVideoflowLayout.h */ = {isa = PBXFileReference; fileEncoding = 4; lastKnownFileType = sourcecode.c.h; path = YMHLVideoflowLayout.h; sourceTree = "<group>"; };
		752A1AE2224E83FF004B4B31 /* YMHLVideoModel.m */ = {isa = PBXFileReference; fileEncoding = 4; lastKnownFileType = sourcecode.c.objc; path = YMHLVideoModel.m; sourceTree = "<group>"; };
		752A1AE9224E8432004B4B31 /* ZDDThridController.m */ = {isa = PBXFileReference; fileEncoding = 4; lastKnownFileType = sourcecode.c.objc; path = ZDDThridController.m; sourceTree = "<group>"; };
		752A1AEA224E8433004B4B31 /* ZDDThridController.h */ = {isa = PBXFileReference; fileEncoding = 4; lastKnownFileType = sourcecode.c.h; path = ZDDThridController.h; sourceTree = "<group>"; };
		752A1AEC224E8440004B4B31 /* ZDDSecondController.m */ = {isa = PBXFileReference; fileEncoding = 4; lastKnownFileType = sourcecode.c.objc; path = ZDDSecondController.m; sourceTree = "<group>"; };
		752A1AED224E8441004B4B31 /* ZDDSecondController.h */ = {isa = PBXFileReference; fileEncoding = 4; lastKnownFileType = sourcecode.c.h; path = ZDDSecondController.h; sourceTree = "<group>"; };
		752A1AF3224E8461004B4B31 /* ZDDFirstController.m */ = {isa = PBXFileReference; fileEncoding = 4; lastKnownFileType = sourcecode.c.objc; path = ZDDFirstController.m; sourceTree = "<group>"; };
		752A1AF4224E8462004B4B31 /* ZDDFirstController.h */ = {isa = PBXFileReference; fileEncoding = 4; lastKnownFileType = sourcecode.c.h; path = ZDDFirstController.h; sourceTree = "<group>"; };
		752A1AF9224E847A004B4B31 /* ZDDCommentLIstView.h */ = {isa = PBXFileReference; fileEncoding = 4; lastKnownFileType = sourcecode.c.h; path = ZDDCommentLIstView.h; sourceTree = "<group>"; };
		752A1AFA224E847A004B4B31 /* ZDDFistListCellNode.h */ = {isa = PBXFileReference; fileEncoding = 4; lastKnownFileType = sourcecode.c.h; path = ZDDFistListCellNode.h; sourceTree = "<group>"; };
		752A1AFB224E847B004B4B31 /* ZDDInputView.m */ = {isa = PBXFileReference; fileEncoding = 4; lastKnownFileType = sourcecode.c.objc; path = ZDDInputView.m; sourceTree = "<group>"; };
		752A1AFC224E847B004B4B31 /* ZDDFistListCellNode.m */ = {isa = PBXFileReference; fileEncoding = 4; lastKnownFileType = sourcecode.c.objc; path = ZDDFistListCellNode.m; sourceTree = "<group>"; };
		752A1AFD224E847B004B4B31 /* ZDDInputView.h */ = {isa = PBXFileReference; fileEncoding = 4; lastKnownFileType = sourcecode.c.h; path = ZDDInputView.h; sourceTree = "<group>"; };
		752A1AFE224E847C004B4B31 /* ZDDCommentLIstView.m */ = {isa = PBXFileReference; fileEncoding = 4; lastKnownFileType = sourcecode.c.objc; path = ZDDCommentLIstView.m; sourceTree = "<group>"; };
		753BD044224E6B64003C4424 /* HAHA.app */ = {isa = PBXFileReference; explicitFileType = wrapper.application; includeInIndex = 0; path = HAHA.app; sourceTree = BUILT_PRODUCTS_DIR; };
		753BD047224E6B64003C4424 /* TEMPAppDelegate.h */ = {isa = PBXFileReference; lastKnownFileType = sourcecode.c.h; path = TEMPAppDelegate.h; sourceTree = "<group>"; };
		753BD048224E6B65003C4424 /* TEMPAppDelegate.m */ = {isa = PBXFileReference; lastKnownFileType = sourcecode.c.objc; path = TEMPAppDelegate.m; sourceTree = "<group>"; };
		753BD050224E6B66003C4424 /* Assets.xcassets */ = {isa = PBXFileReference; lastKnownFileType = folder.assetcatalog; path = Assets.xcassets; sourceTree = "<group>"; };
		753BD053224E6B66003C4424 /* Base */ = {isa = PBXFileReference; lastKnownFileType = file.storyboard; name = Base; path = Base.lproj/LaunchScreen.storyboard; sourceTree = "<group>"; };
		753BD055224E6B66003C4424 /* Info.plist */ = {isa = PBXFileReference; lastKnownFileType = text.plist.xml; path = Info.plist; sourceTree = "<group>"; };
		753BD056224E6B66003C4424 /* main.m */ = {isa = PBXFileReference; lastKnownFileType = sourcecode.c.objc; path = main.m; sourceTree = "<group>"; };
		755AEA3722507680008E0F33 /* YMHLSubcommentTableViewCell.h */ = {isa = PBXFileReference; lastKnownFileType = sourcecode.c.h; path = YMHLSubcommentTableViewCell.h; sourceTree = "<group>"; };
		755AEA3822507680008E0F33 /* YMHLSubcommentTableViewCell.m */ = {isa = PBXFileReference; lastKnownFileType = sourcecode.c.objc; path = YMHLSubcommentTableViewCell.m; sourceTree = "<group>"; };
		755AEA3A22509A1A008E0F33 /* NSString+YMHLAdditions.h */ = {isa = PBXFileReference; lastKnownFileType = sourcecode.c.h; path = "NSString+YMHLAdditions.h"; sourceTree = "<group>"; };
		755AEA3B22509A1A008E0F33 /* NSString+YMHLAdditions.m */ = {isa = PBXFileReference; lastKnownFileType = sourcecode.c.objc; path = "NSString+YMHLAdditions.m"; sourceTree = "<group>"; };
		7606C474EC02E36B64289221 /* Pods-HAHA.release.xcconfig */ = {isa = PBXFileReference; includeInIndex = 1; lastKnownFileType = text.xcconfig; name = "Pods-HAHA.release.xcconfig"; path = "Target Support Files/Pods-HAHA/Pods-HAHA.release.xcconfig"; sourceTree = "<group>"; };
/* End PBXFileReference section */

/* Begin PBXFrameworksBuildPhase section */
		753BD041224E6B64003C4424 /* Frameworks */ = {
			isa = PBXFrameworksBuildPhase;
			buildActionMask = 2147483647;
			files = (
				B281997060E7376A8BA1C87E /* libPods-HAHA.a in Frameworks */,
			);
			runOnlyForDeploymentPostprocessing = 0;
		};
/* End PBXFrameworksBuildPhase section */

/* Begin PBXGroup section */
		3720254B224F225100E25AA4 /* pop */ = {
			isa = PBXGroup;
			children = (
				3720254C224F225100E25AA4 /* POPMath.h */,
				3720254D224F225100E25AA4 /* POPDefines.h */,
				3720254E224F225100E25AA4 /* POPAnimationInternal.h */,
				3720254F224F225100E25AA4 /* POPAnimationExtras.h */,
				37202550224F225100E25AA4 /* POPAnimationEvent.h */,
				37202551224F225100E25AA4 /* POPBasicAnimationInternal.h */,
				37202552224F225100E25AA4 /* POPCGUtils.mm */,
				37202553224F225100E25AA4 /* POPPropertyAnimationInternal.h */,
				37202554224F225100E25AA4 /* pop-ios-Info.plist */,
				37202555224F225100E25AA4 /* POPDecayAnimationInternal.h */,
				37202556224F225100E25AA4 /* POPSpringAnimation.h */,
				37202557224F225100E25AA4 /* POPBasicAnimation.h */,
				37202558224F225100E25AA4 /* POPMath.mm */,
				37202559224F225100E25AA4 /* POPAnimationPrivate.h */,
				3720255A224F225100E25AA4 /* POPAction.h */,
				3720255B224F225100E25AA4 /* POPSpringAnimation.mm */,
				3720255C224F225100E25AA4 /* POPCustomAnimation.mm */,
				3720255D224F225100E25AA4 /* POPCustomAnimation.h */,
				3720255E224F225100E25AA4 /* POPPropertyAnimation.h */,
				3720255F224F225100E25AA4 /* POPAnimationTracer.mm */,
				37202560224F225100E25AA4 /* POPCGUtils.h */,
				37202561224F225100E25AA4 /* POPAnimationExtras.mm */,
				37202562224F225100E25AA4 /* pop-tvos-Info.plist */,
				37202563224F225100E25AA4 /* POPGeometry.h */,
				37202564224F225100E25AA4 /* POPDecayAnimation.mm */,
				37202565224F225100E25AA4 /* POPSpringAnimationInternal.h */,
				37202566224F225100E25AA4 /* pop-osx-Info.plist */,
				37202567224F225100E25AA4 /* POPDecayAnimation.h */,
				37202568224F225100E25AA4 /* POPSpringSolver.h */,
				37202569224F225100E25AA4 /* POPAnimatableProperty.h */,
				3720256A224F225100E25AA4 /* POPAnimator.h */,
				3720256B224F225100E25AA4 /* POPAnimationRuntime.h */,
				3720256C224F225100E25AA4 /* POP.h */,
				3720256D224F225100E25AA4 /* POPPropertyAnimation.mm */,
				3720256E224F225100E25AA4 /* POPLayerExtras.h */,
				3720256F224F225100E25AA4 /* POPAnimation.mm */,
				37202570224F225100E25AA4 /* POPGeometry.mm */,
				37202571224F225100E25AA4 /* POPBasicAnimation.mm */,
				37202572224F225100E25AA4 /* WebCore */,
				37202577224F225200E25AA4 /* POPAnimationTracerInternal.h */,
				37202578224F225200E25AA4 /* POPAnimationEventInternal.h */,
				37202579224F225200E25AA4 /* POPAnimator.mm */,
				3720257A224F225200E25AA4 /* POPAnimatableProperty.mm */,
				3720257B224F225200E25AA4 /* POPAnimation.h */,
				3720257C224F225200E25AA4 /* module.modulemap */,
				3720257D224F225200E25AA4 /* POPAnimationRuntime.mm */,
				3720257E224F225200E25AA4 /* POPAnimationEvent.mm */,
				3720257F224F225200E25AA4 /* POPLayerExtras.mm */,
				37202580224F225200E25AA4 /* POPVector.mm */,
				37202581224F225200E25AA4 /* POPVector.h */,
				37202582224F225200E25AA4 /* POPAnimatorPrivate.h */,
				37202583224F225200E25AA4 /* POPAnimationTracer.h */,
			);
			path = pop;
			sourceTree = "<group>";
		};
		37202572224F225100E25AA4 /* WebCore */ = {
			isa = PBXGroup;
			children = (
				37202573224F225100E25AA4 /* TransformationMatrix.mm */,
				37202574224F225100E25AA4 /* TransformationMatrix.h */,
				37202575224F225100E25AA4 /* FloatConversion.h */,
				37202576224F225200E25AA4 /* UnitBezier.h */,
			);
			path = WebCore;
			sourceTree = "<group>";
		};
		372025A5224F57CE00E25AA4 /* LogIn */ = {
			isa = PBXGroup;
			children = (
				372025A6224F57CE00E25AA4 /* Controller */,
			);
			path = LogIn;
			sourceTree = "<group>";
		};
		372025A6224F57CE00E25AA4 /* Controller */ = {
			isa = PBXGroup;
			children = (
				372025A7224F57E400E25AA4 /* ZDDLogInController.h */,
				372025A8224F57E400E25AA4 /* ZDDLogInController.m */,
			);
			path = Controller;
			sourceTree = "<group>";
		};
		7521BA1B224F0D5B00292099 /* Model */ = {
			isa = PBXGroup;
			children = (
				7521BA1C224F0D7F00292099 /* YMHLUserModel.h */,
				7521BA1D224F0D7F00292099 /* YMHLUserModel.m */,
			);
			path = Model;
			sourceTree = "<group>";
		};
		7521BA1F224F992300292099 /* Base */ = {
			isa = PBXGroup;
			children = (
				7521BA20224F994000292099 /* YMHLBaseViewController.h */,
				7521BA21224F994000292099 /* YMHLBaseViewController.m */,
			);
			path = Base;
			sourceTree = "<group>";
		};
		7521BA2622505F9E00292099 /* Detail */ = {
			isa = PBXGroup;
			children = (
				7521BA2B2250713000292099 /* Model */,
				7521BA2A22506EF000292099 /* Cell */,
				7521BA2722505FCA00292099 /* YMHLVideoDetailViewController.h */,
				7521BA2822505FCA00292099 /* YMHLVideoDetailViewController.m */,
			);
			path = Detail;
			sourceTree = "<group>";
		};
		7521BA2A22506EF000292099 /* Cell */ = {
			isa = PBXGroup;
			children = (
				7521BA2F225074F200292099 /* YMHLCommentTableViewCell.h */,
				7521BA30225074F200292099 /* YMHLCommentTableViewCell.m */,
				755AEA3722507680008E0F33 /* YMHLSubcommentTableViewCell.h */,
				755AEA3822507680008E0F33 /* YMHLSubcommentTableViewCell.m */,
			);
			path = Cell;
			sourceTree = "<group>";
		};
		7521BA2B2250713000292099 /* Model */ = {
			isa = PBXGroup;
			children = (
				7521BA2C2250714E00292099 /* YMHLSubCommentsModel.h */,
				7521BA2D2250714E00292099 /* YMHLSubCommentsModel.m */,
			);
			path = Model;
			sourceTree = "<group>";
		};
		752A1A75224E7F4A004B4B31 /* Utils */ = {
			isa = PBXGroup;
			children = (
				3720254B224F225100E25AA4 /* pop */,
				752A1AB5224E8016004B4B31 /* PB */,
				752A1AA9224E8006004B4B31 /* UniLog */,
				752A1A9C224E7FD6004B4B31 /* Theme */,
				752A1A98224E7FC7004B4B31 /* Noti */,
				752A1A94224E7FB6004B4B31 /* KeyConfig */,
				752A1A92224E7F9B004B4B31 /* Macro */,
				752A1A8E224E7F85004B4B31 /* Ges */,
				752A1A78224E7F68004B4B31 /* Category */,
				752A1A76224E7F5F004B4B31 /* mook.json */,
			);
			path = Utils;
			sourceTree = "<group>";
		};
		752A1A78224E7F68004B4B31 /* Category */ = {
			isa = PBXGroup;
			children = (
				7521BA2322505AA000292099 /* ASButtonNode+LHExtension.h */,
				7521BA2422505AA000292099 /* ASButtonNode+LHExtension.m */,
				752A1ABE224E8374004B4B31 /* TEMPAppDelegate+BackgroundTask.h */,
				752A1AC2224E8377004B4B31 /* TEMPAppDelegate+BackgroundTask.m */,
				752A1ABD224E8374004B4B31 /* TEMPAppDelegate+OpenURL.h */,
				752A1ABF224E8375004B4B31 /* TEMPAppDelegate+OpenURL.m */,
				752A1AC0224E8376004B4B31 /* TEMPAppDelegate+PushService.h */,
				752A1AC1224E8376004B4B31 /* TEMPAppDelegate+PushService.m */,
				752A1A79224E7F7A004B4B31 /* NSMutableAttributedString+Chain.h */,
				752A1A83224E7F7E004B4B31 /* NSMutableAttributedString+Chain.m */,
				752A1A84224E7F7E004B4B31 /* NSMutableDictionary+Attributes.h */,
				752A1A7E224E7F7C004B4B31 /* NSMutableDictionary+Attributes.m */,
				752A1A7C224E7F7B004B4B31 /* NSString+Regex.h */,
				752A1A81224E7F7D004B4B31 /* NSString+Regex.m */,
				752A1A7D224E7F7B004B4B31 /* UIColor+CustomColors.h */,
				752A1A85224E7F7E004B4B31 /* UIColor+CustomColors.m */,
				752A1A80224E7F7C004B4B31 /* UIView+LH.h */,
				752A1A7A224E7F7A004B4B31 /* UIView+LH.m */,
				752A1A7F224E7F7C004B4B31 /* UIView+ZDD.h */,
				752A1A7B224E7F7A004B4B31 /* UIView+ZDD.m */,
				755AEA3A22509A1A008E0F33 /* NSString+YMHLAdditions.h */,
				755AEA3B22509A1A008E0F33 /* NSString+YMHLAdditions.m */,
			);
			path = Category;
			sourceTree = "<group>";
		};
		752A1A8E224E7F85004B4B31 /* Ges */ = {
			isa = PBXGroup;
			children = (
				752A1A8F224E7F92004B4B31 /* UINavigationController+FDFullscreenPopGesture.h */,
				752A1A90224E7F93004B4B31 /* UINavigationController+FDFullscreenPopGesture.m */,
			);
			path = Ges;
			sourceTree = "<group>";
		};
		752A1A92224E7F9B004B4B31 /* Macro */ = {
			isa = PBXGroup;
			children = (
				752A1AA4224E7FF6004B4B31 /* UIImage+Blur.h */,
				752A1AA5224E7FF6004B4B31 /* UIImage+Blur.m */,
				752A1AA6224E7FF6004B4B31 /* UIView+ZDD.h */,
				752A1AA3224E7FF6004B4B31 /* UIView+ZDD.m */,
				752A1A93224E7FAB004B4B31 /* TEMPMacro.h */,
			);
			path = Macro;
			sourceTree = "<group>";
		};
		752A1A94224E7FB6004B4B31 /* KeyConfig */ = {
			isa = PBXGroup;
			children = (
				752A1A96224E7FC3004B4B31 /* TEMPKeyConfiguration.h */,
				752A1A95224E7FC3004B4B31 /* TEMPKeyConfiguration.m */,
			);
			path = KeyConfig;
			sourceTree = "<group>";
		};
		752A1A98224E7FC7004B4B31 /* Noti */ = {
			isa = PBXGroup;
			children = (
				752A1A99224E7FD2004B4B31 /* ZDDNotificationName.h */,
				752A1A9A224E7FD2004B4B31 /* ZDDNotificationName.m */,
			);
			path = Noti;
			sourceTree = "<group>";
		};
		752A1A9C224E7FD6004B4B31 /* Theme */ = {
			isa = PBXGroup;
			children = (
				752A1AA0224E7FEB004B4B31 /* UIColor+ZDDColor.h */,
				752A1AA1224E7FEC004B4B31 /* UIColor+ZDDColor.m */,
				752A1A9D224E7FE0004B4B31 /* ZDDThemeConfiguration.h */,
				752A1A9E224E7FE0004B4B31 /* ZDDThemeConfiguration.m */,
			);
			path = Theme;
			sourceTree = "<group>";
		};
		752A1AA9224E8006004B4B31 /* UniLog */ = {
			isa = PBXGroup;
			children = (
				752A1AAB224E800F004B4B31 /* Foundation+Log.m */,
				752A1AAE224E8010004B4B31 /* NSArray+HYBUnicodeReadable.h */,
				752A1AAF224E8011004B4B31 /* NSArray+HYBUnicodeReadable.m */,
				752A1AAC224E8010004B4B31 /* NSDictionary+HYBUnicodeReadable.h */,
				752A1AAD224E8010004B4B31 /* NSDictionary+HYBUnicodeReadable.m */,
				752A1AAA224E800F004B4B31 /* NSSet+HYBUnicodeReadable.h */,
				752A1AB0224E8011004B4B31 /* NSSet+HYBUnicodeReadable.m */,
			);
			path = UniLog;
			sourceTree = "<group>";
		};
		752A1AB5224E8016004B4B31 /* PB */ = {
			isa = PBXGroup;
			children = (
				752A1AB7224E801F004B4B31 /* ZDDPhotoBrowseView.h */,
				752A1AB6224E801F004B4B31 /* ZDDPhotoBrowseView.m */,
			);
			path = PB;
			sourceTree = "<group>";
		};
		752A1AB9224E833D004B4B31 /* WebView */ = {
			isa = PBXGroup;
			children = (
				752A1ABB224E8358004B4B31 /* GODWebViewController.h */,
				752A1ABA224E8358004B4B31 /* GODWebViewController.m */,
			);
			path = WebView;
			sourceTree = "<group>";
		};
		752A1AC6224E8388004B4B31 /* Launch */ = {
			isa = PBXGroup;
			children = (
				752A1AC8224E83A7004B4B31 /* TEMPLaunchManager.h */,
				752A1AC9224E83A8004B4B31 /* TEMPLaunchManager.m */,
			);
			path = Launch;
			sourceTree = "<group>";
		};
		752A1AC7224E838E004B4B31 /* SDK */ = {
			isa = PBXGroup;
			children = (
				752A1ACB224E83B5004B4B31 /* TEMPSDKManager.h */,
				752A1ACC224E83B5004B4B31 /* TEMPSDKManager.m */,
			);
			path = SDK;
			sourceTree = "<group>";
		};
		752A1ACE224E83C1004B4B31 /* Business */ = {
			isa = PBXGroup;
			children = (
				372025A5224F57CE00E25AA4 /* LogIn */,
				752A1AE8224E8418004B4B31 /* Three */,
				752A1AE7224E8413004B4B31 /* Two */,
				752A1AE6224E840D004B4B31 /* One */,
				752A1AD9224E83E8004B4B31 /* Video */,
				752A1ACF224E83CB004B4B31 /* Base */,
			);
			path = Business;
			sourceTree = "<group>";
		};
		752A1ACF224E83CB004B4B31 /* Base */ = {
			isa = PBXGroup;
			children = (
				752A1AD2224E83DB004B4B31 /* ZDDBaseViewController.h */,
				752A1AD5224E83DC004B4B31 /* ZDDBaseViewController.m */,
				752A1AD4224E83DB004B4B31 /* ZDDNavController.h */,
				752A1AD3224E83DB004B4B31 /* ZDDNavController.m */,
				752A1AD1224E83DA004B4B31 /* ZDDTabBarController.h */,
				752A1AD0224E83DA004B4B31 /* ZDDTabBarController.m */,
			);
			path = Base;
			sourceTree = "<group>";
		};
		752A1AD9224E83E8004B4B31 /* Video */ = {
			isa = PBXGroup;
			children = (
				7521BA2622505F9E00292099 /* Detail */,
				7521BA1F224F992300292099 /* Base */,
				7521BA1B224F0D5B00292099 /* Model */,
				752A1ADE224E83FD004B4B31 /* YMHLVideoCollectionViewCell.h */,
				752A1ADF224E83FE004B4B31 /* YMHLVideoCollectionViewCell.m */,
				752A1AE1224E83FF004B4B31 /* YMHLVideoflowLayout.h */,
				752A1AE0224E83FE004B4B31 /* YMHLVideoflowLayout.m */,
				752A1ADD224E83FD004B4B31 /* YMHLVideoModel.h */,
				752A1AE2224E83FF004B4B31 /* YMHLVideoModel.m */,
				752A1ADA224E83F6004B4B31 /* YMHLVideoFlowViewController.h */,
				752A1ADB224E83F6004B4B31 /* YMHLVideoFlowViewController.m */,
			);
			path = Video;
			sourceTree = "<group>";
		};
		752A1AE6224E840D004B4B31 /* One */ = {
			isa = PBXGroup;
			children = (
				752A1AF2224E8453004B4B31 /* M */,
				752A1AF1224E844F004B4B31 /* V */,
				752A1AEF224E8444004B4B31 /* C */,
			);
			path = One;
			sourceTree = "<group>";
		};
		752A1AE7224E8413004B4B31 /* Two */ = {
			isa = PBXGroup;
			children = (
				752A1AED224E8441004B4B31 /* ZDDSecondController.h */,
				752A1AEC224E8440004B4B31 /* ZDDSecondController.m */,
			);
			path = Two;
			sourceTree = "<group>";
		};
		752A1AE8224E8418004B4B31 /* Three */ = {
			isa = PBXGroup;
			children = (
				752A1AEA224E8433004B4B31 /* ZDDThridController.h */,
				752A1AE9224E8432004B4B31 /* ZDDThridController.m */,
			);
			path = Three;
			sourceTree = "<group>";
		};
		752A1AEF224E8444004B4B31 /* C */ = {
			isa = PBXGroup;
			children = (
				752A1AF4224E8462004B4B31 /* ZDDFirstController.h */,
				752A1AF3224E8461004B4B31 /* ZDDFirstController.m */,
			);
			path = C;
			sourceTree = "<group>";
		};
		752A1AF1224E844F004B4B31 /* V */ = {
			isa = PBXGroup;
			children = (
				752A1AFA224E847A004B4B31 /* ZDDFistListCellNode.h */,
				752A1AFC224E847B004B4B31 /* ZDDFistListCellNode.m */,
				752A1AF9224E847A004B4B31 /* ZDDCommentLIstView.h */,
				752A1AFE224E847C004B4B31 /* ZDDCommentLIstView.m */,
				37202549224F0B1E00E25AA4 /* ZDDCommentCellNode.h */,
				37202548224F0B1D00E25AA4 /* ZDDCommentCellNode.m */,
				752A1AFD224E847B004B4B31 /* ZDDInputView.h */,
				752A1AFB224E847B004B4B31 /* ZDDInputView.m */,
			);
			path = V;
			sourceTree = "<group>";
		};
		752A1AF2224E8453004B4B31 /* M */ = {
			isa = PBXGroup;
			children = (
				3720259A224F491800E25AA4 /* GODUserModel.h */,
				37202599224F491700E25AA4 /* GODUserModel.m */,
				3720259C224F491900E25AA4 /* GODUserTool.h */,
				3720259B224F491800E25AA4 /* GODUserTool.m */,
				3720259F224F49AF00E25AA4 /* ZDDDuanziModel.h */,
				372025A0224F49AF00E25AA4 /* ZDDDuanziModel.m */,
				372025A2224F51DA00E25AA4 /* ZDDCommentModel.h */,
				372025A3224F51DA00E25AA4 /* ZDDCommentModel.m */,
			);
			path = M;
			sourceTree = "<group>";
		};
		753BD03B224E6B64003C4424 = {
			isa = PBXGroup;
			children = (
				753BD046224E6B64003C4424 /* HAHA */,
				753BD045224E6B64003C4424 /* Products */,
				F40C8B83BDBFF014B4E5FDEB /* Pods */,
				E131989F0D313136377B77C6 /* Frameworks */,
			);
			sourceTree = "<group>";
		};
		753BD045224E6B64003C4424 /* Products */ = {
			isa = PBXGroup;
			children = (
				753BD044224E6B64003C4424 /* HAHA.app */,
			);
			name = Products;
			sourceTree = "<group>";
		};
		753BD046224E6B64003C4424 /* HAHA */ = {
			isa = PBXGroup;
			children = (
				752A1ACE224E83C1004B4B31 /* Business */,
				752A1AC7224E838E004B4B31 /* SDK */,
				752A1AC6224E8388004B4B31 /* Launch */,
				752A1AB9224E833D004B4B31 /* WebView */,
				752A1A75224E7F4A004B4B31 /* Utils */,
				753BD047224E6B64003C4424 /* TEMPAppDelegate.h */,
				753BD048224E6B65003C4424 /* TEMPAppDelegate.m */,
				753BD050224E6B66003C4424 /* Assets.xcassets */,
				753BD052224E6B66003C4424 /* LaunchScreen.storyboard */,
				753BD055224E6B66003C4424 /* Info.plist */,
				753BD056224E6B66003C4424 /* main.m */,
				752A1A74224E7EF7004B4B31 /* PrefixHeader.pch */,
			);
			path = HAHA;
			sourceTree = "<group>";
		};
		E131989F0D313136377B77C6 /* Frameworks */ = {
			isa = PBXGroup;
			children = (
				0FC519B347F9056DD4EFD649 /* libPods-HAHA.a */,
			);
			name = Frameworks;
			sourceTree = "<group>";
		};
		F40C8B83BDBFF014B4E5FDEB /* Pods */ = {
			isa = PBXGroup;
			children = (
				5E4B2110EE268EF4AA6ABCD8 /* Pods-HAHA.debug.xcconfig */,
				7606C474EC02E36B64289221 /* Pods-HAHA.release.xcconfig */,
			);
			path = Pods;
			sourceTree = "<group>";
		};
/* End PBXGroup section */

/* Begin PBXNativeTarget section */
		753BD043224E6B64003C4424 /* HAHA */ = {
			isa = PBXNativeTarget;
			buildConfigurationList = 753BD05A224E6B66003C4424 /* Build configuration list for PBXNativeTarget "HAHA" */;
			buildPhases = (
				879BF7CBFA7CE6D84696351B /* [CP] Check Pods Manifest.lock */,
				753BD040224E6B64003C4424 /* Sources */,
				753BD041224E6B64003C4424 /* Frameworks */,
				753BD042224E6B64003C4424 /* Resources */,
				4C378C4EF3B8A97022008AB6 /* [CP] Copy Pods Resources */,
			);
			buildRules = (
			);
			dependencies = (
			);
			name = HAHA;
			productName = HAHA;
			productReference = 753BD044224E6B64003C4424 /* HAHA.app */;
			productType = "com.apple.product-type.application";
		};
/* End PBXNativeTarget section */

/* Begin PBXProject section */
		753BD03C224E6B64003C4424 /* Project object */ = {
			isa = PBXProject;
			attributes = {
				LastUpgradeCheck = 1010;
				ORGANIZATIONNAME = ZDD;
				TargetAttributes = {
					753BD043224E6B64003C4424 = {
						CreatedOnToolsVersion = 10.1;
					};
				};
			};
			buildConfigurationList = 753BD03F224E6B64003C4424 /* Build configuration list for PBXProject "HAHA" */;
			compatibilityVersion = "Xcode 9.3";
			developmentRegion = en;
			hasScannedForEncodings = 0;
			knownRegions = (
				en,
				Base,
			);
			mainGroup = 753BD03B224E6B64003C4424;
			productRefGroup = 753BD045224E6B64003C4424 /* Products */;
			projectDirPath = "";
			projectRoot = "";
			targets = (
				753BD043224E6B64003C4424 /* HAHA */,
			);
		};
/* End PBXProject section */

/* Begin PBXResourcesBuildPhase section */
		753BD042224E6B64003C4424 /* Resources */ = {
			isa = PBXResourcesBuildPhase;
			buildActionMask = 2147483647;
			files = (
				37202585224F225200E25AA4 /* pop-ios-Info.plist in Resources */,
				3720258D224F225200E25AA4 /* pop-osx-Info.plist in Resources */,
				753BD054224E6B66003C4424 /* LaunchScreen.storyboard in Resources */,
				3720258B224F225200E25AA4 /* pop-tvos-Info.plist in Resources */,
				753BD051224E6B66003C4424 /* Assets.xcassets in Resources */,
				752A1A77224E7F5F004B4B31 /* mook.json in Resources */,
			);
			runOnlyForDeploymentPostprocessing = 0;
		};
/* End PBXResourcesBuildPhase section */

/* Begin PBXShellScriptBuildPhase section */
		4C378C4EF3B8A97022008AB6 /* [CP] Copy Pods Resources */ = {
			isa = PBXShellScriptBuildPhase;
			buildActionMask = 2147483647;
			files = (
			);
			inputFileListPaths = (
			);
			inputPaths = (
				"${PODS_ROOT}/Target Support Files/Pods-HAHA/Pods-HAHA-resources.sh",
				"${PODS_ROOT}/AVOSCloud/AVOS/AVOSCloud/AVOSCloud_Art.inc",
				"${PODS_ROOT}/DateTools/DateTools/DateTools/DateTools.bundle",
				"${PODS_ROOT}/MFHUDManager/Image/notice_type_error.png",
				"${PODS_ROOT}/MFHUDManager/Image/notice_type_success.png",
				"${PODS_ROOT}/MFHUDManager/Image/notice_type_warnning.png",
				"${PODS_ROOT}/MJRefresh/MJRefresh/MJRefresh.bundle",
				"${PODS_ROOT}/QMUIKit/QMUIKit/QMUIResources/QMUIResources.bundle",
				"${PODS_ROOT}/SVProgressHUD/SVProgressHUD/SVProgressHUD.bundle",
				"${PODS_ROOT}/SuperPlayer/SuperPlayer/Resource/SuperPlayer.bundle",
			);
			name = "[CP] Copy Pods Resources";
			outputFileListPaths = (
			);
			outputPaths = (
				"${TARGET_BUILD_DIR}/${UNLOCALIZED_RESOURCES_FOLDER_PATH}/AVOSCloud_Art.inc",
				"${TARGET_BUILD_DIR}/${UNLOCALIZED_RESOURCES_FOLDER_PATH}/DateTools.bundle",
				"${TARGET_BUILD_DIR}/${UNLOCALIZED_RESOURCES_FOLDER_PATH}/notice_type_error.png",
				"${TARGET_BUILD_DIR}/${UNLOCALIZED_RESOURCES_FOLDER_PATH}/notice_type_success.png",
				"${TARGET_BUILD_DIR}/${UNLOCALIZED_RESOURCES_FOLDER_PATH}/notice_type_warnning.png",
				"${TARGET_BUILD_DIR}/${UNLOCALIZED_RESOURCES_FOLDER_PATH}/MJRefresh.bundle",
				"${TARGET_BUILD_DIR}/${UNLOCALIZED_RESOURCES_FOLDER_PATH}/QMUIResources.bundle",
				"${TARGET_BUILD_DIR}/${UNLOCALIZED_RESOURCES_FOLDER_PATH}/SVProgressHUD.bundle",
				"${TARGET_BUILD_DIR}/${UNLOCALIZED_RESOURCES_FOLDER_PATH}/SuperPlayer.bundle",
			);
			runOnlyForDeploymentPostprocessing = 0;
			shellPath = /bin/sh;
			shellScript = "\"${PODS_ROOT}/Target Support Files/Pods-HAHA/Pods-HAHA-resources.sh\"\n";
			showEnvVarsInLog = 0;
		};
		879BF7CBFA7CE6D84696351B /* [CP] Check Pods Manifest.lock */ = {
			isa = PBXShellScriptBuildPhase;
			buildActionMask = 2147483647;
			files = (
			);
			inputFileListPaths = (
			);
			inputPaths = (
				"${PODS_PODFILE_DIR_PATH}/Podfile.lock",
				"${PODS_ROOT}/Manifest.lock",
			);
			name = "[CP] Check Pods Manifest.lock";
			outputFileListPaths = (
			);
			outputPaths = (
				"$(DERIVED_FILE_DIR)/Pods-HAHA-checkManifestLockResult.txt",
			);
			runOnlyForDeploymentPostprocessing = 0;
			shellPath = /bin/sh;
			shellScript = "diff \"${PODS_PODFILE_DIR_PATH}/Podfile.lock\" \"${PODS_ROOT}/Manifest.lock\" > /dev/null\nif [ $? != 0 ] ; then\n    # print error to STDERR\n    echo \"error: The sandbox is not in sync with the Podfile.lock. Run 'pod install' or update your CocoaPods installation.\" >&2\n    exit 1\nfi\n# This output is used by Xcode 'outputs' to avoid re-running this script phase.\necho \"SUCCESS\" > \"${SCRIPT_OUTPUT_FILE_0}\"\n";
			showEnvVarsInLog = 0;
		};
/* End PBXShellScriptBuildPhase section */

/* Begin PBXSourcesBuildPhase section */
		753BD040224E6B64003C4424 /* Sources */ = {
			isa = PBXSourcesBuildPhase;
			buildActionMask = 2147483647;
			files = (
				752A1AFF224E847C004B4B31 /* ZDDInputView.m in Sources */,
				752A1A91224E7F93004B4B31 /* UINavigationController+FDFullscreenPopGesture.m in Sources */,
				3720258F224F225200E25AA4 /* POPAnimation.mm in Sources */,
				3720258E224F225200E25AA4 /* POPPropertyAnimation.mm in Sources */,
				752A1B00224E847C004B4B31 /* ZDDFistListCellNode.m in Sources */,
				752A1ADC224E83F7004B4B31 /* YMHLVideoFlowViewController.m in Sources */,
				37202588224F225200E25AA4 /* POPCustomAnimation.mm in Sources */,
				753BD057224E6B66003C4424 /* main.m in Sources */,
				752A1AC3224E8377004B4B31 /* TEMPAppDelegate+OpenURL.m in Sources */,
				372025A9224F57E400E25AA4 /* ZDDLogInController.m in Sources */,
				752A1AE4224E8400004B4B31 /* YMHLVideoflowLayout.m in Sources */,
				752A1AE5224E8400004B4B31 /* YMHLVideoModel.m in Sources */,
				752A1AB8224E801F004B4B31 /* ZDDPhotoBrowseView.m in Sources */,
				752A1A9B224E7FD2004B4B31 /* ZDDNotificationName.m in Sources */,
				37202586224F225200E25AA4 /* POPMath.mm in Sources */,
				37202587224F225200E25AA4 /* POPSpringAnimation.mm in Sources */,
				755AEA3C22509A1A008E0F33 /* NSString+YMHLAdditions.m in Sources */,
				752A1A8A224E7F7F004B4B31 /* NSString+Regex.m in Sources */,
				7521BA22224F994000292099 /* YMHLBaseViewController.m in Sources */,
				37202593224F225200E25AA4 /* POPAnimator.mm in Sources */,
				752A1ACD224E83B5004B4B31 /* TEMPSDKManager.m in Sources */,
				372025A4224F51DA00E25AA4 /* ZDDCommentModel.m in Sources */,
				37202598224F225200E25AA4 /* POPVector.mm in Sources */,
				37202592224F225200E25AA4 /* TransformationMatrix.mm in Sources */,
				3720258C224F225200E25AA4 /* POPDecayAnimation.mm in Sources */,
				37202594224F225200E25AA4 /* POPAnimatableProperty.mm in Sources */,
				752A1A88224E7F7F004B4B31 /* UIView+ZDD.m in Sources */,
				3720259D224F491900E25AA4 /* GODUserModel.m in Sources */,
				37202595224F225200E25AA4 /* POPAnimationRuntime.mm in Sources */,
				752A1AC5224E8377004B4B31 /* TEMPAppDelegate+BackgroundTask.m in Sources */,
				37202584224F225200E25AA4 /* POPCGUtils.mm in Sources */,
				752A1AD8224E83DC004B4B31 /* ZDDBaseViewController.m in Sources */,
				37202596224F225200E25AA4 /* POPAnimationEvent.mm in Sources */,
				752A1AB1224E8011004B4B31 /* Foundation+Log.m in Sources */,
				752A1AA2224E7FEC004B4B31 /* UIColor+ZDDColor.m in Sources */,
				752A1A8B224E7F7F004B4B31 /* NSMutableAttributedString+Chain.m in Sources */,
				752A1AEB224E8433004B4B31 /* ZDDThridController.m in Sources */,
				3720259E224F491900E25AA4 /* GODUserTool.m in Sources */,
				3720258A224F225200E25AA4 /* POPAnimationExtras.mm in Sources */,
				755AEA3922507680008E0F33 /* YMHLSubcommentTableViewCell.m in Sources */,
				752A1ABC224E8359004B4B31 /* GODWebViewController.m in Sources */,
				752A1AE3224E8400004B4B31 /* YMHLVideoCollectionViewCell.m in Sources */,
				752A1A97224E7FC3004B4B31 /* TEMPKeyConfiguration.m in Sources */,
				752A1A89224E7F7F004B4B31 /* NSMutableDictionary+Attributes.m in Sources */,
				7521BA2922505FCA00292099 /* YMHLVideoDetailViewController.m in Sources */,
				7521BA31225074F200292099 /* YMHLCommentTableViewCell.m in Sources */,
				752A1B01224E847C004B4B31 /* ZDDCommentLIstView.m in Sources */,
				372025A1224F49AF00E25AA4 /* ZDDDuanziModel.m in Sources */,
				752A1AC4224E8377004B4B31 /* TEMPAppDelegate+PushService.m in Sources */,
				752A1AB4224E8011004B4B31 /* NSSet+HYBUnicodeReadable.m in Sources */,
				752A1AB3224E8011004B4B31 /* NSArray+HYBUnicodeReadable.m in Sources */,
				7521BA1E224F0D7F00292099 /* YMHLUserModel.m in Sources */,
				752A1AA8224E7FF6004B4B31 /* UIImage+Blur.m in Sources */,
				752A1AD7224E83DC004B4B31 /* ZDDNavController.m in Sources */,
				3720254A224F0B1E00E25AA4 /* ZDDCommentCellNode.m in Sources */,
				752A1AA7224E7FF6004B4B31 /* UIView+ZDD.m in Sources */,
				37202591224F225200E25AA4 /* POPBasicAnimation.mm in Sources */,
				752A1A9F224E7FE0004B4B31 /* ZDDThemeConfiguration.m in Sources */,
				752A1AD6224E83DC004B4B31 /* ZDDTabBarController.m in Sources */,
				7521BA2E2250714E00292099 /* YMHLSubCommentsModel.m in Sources */,
				752A1A87224E7F7F004B4B31 /* UIView+LH.m in Sources */,
				752A1A8C224E7F7F004B4B31 /* UIColor+CustomColors.m in Sources */,
				7521BA2522505AA000292099 /* ASButtonNode+LHExtension.m in Sources */,
				37202597224F225200E25AA4 /* POPLayerExtras.mm in Sources */,
				752A1AB2224E8011004B4B31 /* NSDictionary+HYBUnicodeReadable.m in Sources */,
				37202590224F225200E25AA4 /* POPGeometry.mm in Sources */,
				752A1ACA224E83A8004B4B31 /* TEMPLaunchManager.m in Sources */,
				752A1AEE224E8441004B4B31 /* ZDDSecondController.m in Sources */,
				37202589224F225200E25AA4 /* POPAnimationTracer.mm in Sources */,
				752A1AF5224E8462004B4B31 /* ZDDFirstController.m in Sources */,
				753BD049224E6B65003C4424 /* TEMPAppDelegate.m in Sources */,
			);
			runOnlyForDeploymentPostprocessing = 0;
		};
/* End PBXSourcesBuildPhase section */

/* Begin PBXVariantGroup section */
		753BD052224E6B66003C4424 /* LaunchScreen.storyboard */ = {
			isa = PBXVariantGroup;
			children = (
				753BD053224E6B66003C4424 /* Base */,
			);
			name = LaunchScreen.storyboard;
			sourceTree = "<group>";
		};
/* End PBXVariantGroup section */

/* Begin XCBuildConfiguration section */
		753BD058224E6B66003C4424 /* Debug */ = {
			isa = XCBuildConfiguration;
			buildSettings = {
				ALWAYS_SEARCH_USER_PATHS = NO;
				CLANG_ANALYZER_NONNULL = YES;
				CLANG_ANALYZER_NUMBER_OBJECT_CONVERSION = YES_AGGRESSIVE;
				CLANG_CXX_LANGUAGE_STANDARD = "gnu++14";
				CLANG_CXX_LIBRARY = "libc++";
				CLANG_ENABLE_MODULES = YES;
				CLANG_ENABLE_OBJC_ARC = YES;
				CLANG_ENABLE_OBJC_WEAK = YES;
				CLANG_WARN_BLOCK_CAPTURE_AUTORELEASING = YES;
				CLANG_WARN_BOOL_CONVERSION = YES;
				CLANG_WARN_COMMA = YES;
				CLANG_WARN_CONSTANT_CONVERSION = YES;
				CLANG_WARN_DEPRECATED_OBJC_IMPLEMENTATIONS = YES;
				CLANG_WARN_DIRECT_OBJC_ISA_USAGE = YES_ERROR;
				CLANG_WARN_DOCUMENTATION_COMMENTS = YES;
				CLANG_WARN_EMPTY_BODY = YES;
				CLANG_WARN_ENUM_CONVERSION = YES;
				CLANG_WARN_INFINITE_RECURSION = YES;
				CLANG_WARN_INT_CONVERSION = YES;
				CLANG_WARN_NON_LITERAL_NULL_CONVERSION = YES;
				CLANG_WARN_OBJC_IMPLICIT_RETAIN_SELF = YES;
				CLANG_WARN_OBJC_LITERAL_CONVERSION = YES;
				CLANG_WARN_OBJC_ROOT_CLASS = YES_ERROR;
				CLANG_WARN_RANGE_LOOP_ANALYSIS = YES;
				CLANG_WARN_STRICT_PROTOTYPES = YES;
				CLANG_WARN_SUSPICIOUS_MOVE = YES;
				CLANG_WARN_UNGUARDED_AVAILABILITY = YES_AGGRESSIVE;
				CLANG_WARN_UNREACHABLE_CODE = YES;
				CLANG_WARN__DUPLICATE_METHOD_MATCH = YES;
				CODE_SIGN_IDENTITY = "iPhone Developer";
				COPY_PHASE_STRIP = NO;
				DEBUG_INFORMATION_FORMAT = dwarf;
				ENABLE_STRICT_OBJC_MSGSEND = YES;
				ENABLE_TESTABILITY = YES;
				GCC_C_LANGUAGE_STANDARD = gnu11;
				GCC_DYNAMIC_NO_PIC = NO;
				GCC_NO_COMMON_BLOCKS = YES;
				GCC_OPTIMIZATION_LEVEL = 0;
				GCC_PREPROCESSOR_DEFINITIONS = (
					"DEBUG=1",
					"$(inherited)",
				);
				GCC_WARN_64_TO_32_BIT_CONVERSION = YES;
				GCC_WARN_ABOUT_RETURN_TYPE = YES_ERROR;
				GCC_WARN_UNDECLARED_SELECTOR = YES;
				GCC_WARN_UNINITIALIZED_AUTOS = YES_AGGRESSIVE;
				GCC_WARN_UNUSED_FUNCTION = YES;
				GCC_WARN_UNUSED_VARIABLE = YES;
				IPHONEOS_DEPLOYMENT_TARGET = 12.1;
				MTL_ENABLE_DEBUG_INFO = INCLUDE_SOURCE;
				MTL_FAST_MATH = YES;
				ONLY_ACTIVE_ARCH = YES;
				SDKROOT = iphoneos;
			};
			name = Debug;
		};
		753BD059224E6B66003C4424 /* Release */ = {
			isa = XCBuildConfiguration;
			buildSettings = {
				ALWAYS_SEARCH_USER_PATHS = NO;
				CLANG_ANALYZER_NONNULL = YES;
				CLANG_ANALYZER_NUMBER_OBJECT_CONVERSION = YES_AGGRESSIVE;
				CLANG_CXX_LANGUAGE_STANDARD = "gnu++14";
				CLANG_CXX_LIBRARY = "libc++";
				CLANG_ENABLE_MODULES = YES;
				CLANG_ENABLE_OBJC_ARC = YES;
				CLANG_ENABLE_OBJC_WEAK = YES;
				CLANG_WARN_BLOCK_CAPTURE_AUTORELEASING = YES;
				CLANG_WARN_BOOL_CONVERSION = YES;
				CLANG_WARN_COMMA = YES;
				CLANG_WARN_CONSTANT_CONVERSION = YES;
				CLANG_WARN_DEPRECATED_OBJC_IMPLEMENTATIONS = YES;
				CLANG_WARN_DIRECT_OBJC_ISA_USAGE = YES_ERROR;
				CLANG_WARN_DOCUMENTATION_COMMENTS = YES;
				CLANG_WARN_EMPTY_BODY = YES;
				CLANG_WARN_ENUM_CONVERSION = YES;
				CLANG_WARN_INFINITE_RECURSION = YES;
				CLANG_WARN_INT_CONVERSION = YES;
				CLANG_WARN_NON_LITERAL_NULL_CONVERSION = YES;
				CLANG_WARN_OBJC_IMPLICIT_RETAIN_SELF = YES;
				CLANG_WARN_OBJC_LITERAL_CONVERSION = YES;
				CLANG_WARN_OBJC_ROOT_CLASS = YES_ERROR;
				CLANG_WARN_RANGE_LOOP_ANALYSIS = YES;
				CLANG_WARN_STRICT_PROTOTYPES = YES;
				CLANG_WARN_SUSPICIOUS_MOVE = YES;
				CLANG_WARN_UNGUARDED_AVAILABILITY = YES_AGGRESSIVE;
				CLANG_WARN_UNREACHABLE_CODE = YES;
				CLANG_WARN__DUPLICATE_METHOD_MATCH = YES;
				CODE_SIGN_IDENTITY = "iPhone Developer";
				COPY_PHASE_STRIP = NO;
				DEBUG_INFORMATION_FORMAT = "dwarf-with-dsym";
				ENABLE_NS_ASSERTIONS = NO;
				ENABLE_STRICT_OBJC_MSGSEND = YES;
				GCC_C_LANGUAGE_STANDARD = gnu11;
				GCC_NO_COMMON_BLOCKS = YES;
				GCC_WARN_64_TO_32_BIT_CONVERSION = YES;
				GCC_WARN_ABOUT_RETURN_TYPE = YES_ERROR;
				GCC_WARN_UNDECLARED_SELECTOR = YES;
				GCC_WARN_UNINITIALIZED_AUTOS = YES_AGGRESSIVE;
				GCC_WARN_UNUSED_FUNCTION = YES;
				GCC_WARN_UNUSED_VARIABLE = YES;
				IPHONEOS_DEPLOYMENT_TARGET = 12.1;
				MTL_ENABLE_DEBUG_INFO = NO;
				MTL_FAST_MATH = YES;
				SDKROOT = iphoneos;
				VALIDATE_PRODUCT = YES;
			};
			name = Release;
		};
		753BD05B224E6B66003C4424 /* Debug */ = {
			isa = XCBuildConfiguration;
			baseConfigurationReference = 5E4B2110EE268EF4AA6ABCD8 /* Pods-HAHA.debug.xcconfig */;
			buildSettings = {
				ASSETCATALOG_COMPILER_APPICON_NAME = AppIcon;
				CODE_SIGN_STYLE = Automatic;
				DEVELOPMENT_TEAM = 96NZDADFWS;
				ENABLE_STRICT_OBJC_MSGSEND = NO;
				GCC_PREFIX_HEADER = "$(SRCROOT)/HAHA/PrefixHeader.pch";
				INFOPLIST_FILE = HAHA/Info.plist;
				LD_RUNPATH_SEARCH_PATHS = (
					"$(inherited)",
					"@executable_path/Frameworks",
				);
				PRODUCT_BUNDLE_IDENTIFIER = zdd.yhb.cz.HAHA;
				PRODUCT_NAME = "$(TARGET_NAME)";
				TARGETED_DEVICE_FAMILY = "1,2";
			};
			name = Debug;
		};
		753BD05C224E6B66003C4424 /* Release */ = {
			isa = XCBuildConfiguration;
			baseConfigurationReference = 7606C474EC02E36B64289221 /* Pods-HAHA.release.xcconfig */;
			buildSettings = {
				ASSETCATALOG_COMPILER_APPICON_NAME = AppIcon;
				CODE_SIGN_STYLE = Automatic;
				DEVELOPMENT_TEAM = 96NZDADFWS;
				ENABLE_STRICT_OBJC_MSGSEND = NO;
				GCC_PREFIX_HEADER = "$(SRCROOT)/HAHA/PrefixHeader.pch";
				INFOPLIST_FILE = HAHA/Info.plist;
				LD_RUNPATH_SEARCH_PATHS = (
					"$(inherited)",
					"@executable_path/Frameworks",
				);
				PRODUCT_BUNDLE_IDENTIFIER = zdd.yhb.cz.HAHA;
				PRODUCT_NAME = "$(TARGET_NAME)";
				TARGETED_DEVICE_FAMILY = "1,2";
			};
			name = Release;
		};
/* End XCBuildConfiguration section */

/* Begin XCConfigurationList section */
		753BD03F224E6B64003C4424 /* Build configuration list for PBXProject "HAHA" */ = {
			isa = XCConfigurationList;
			buildConfigurations = (
				753BD058224E6B66003C4424 /* Debug */,
				753BD059224E6B66003C4424 /* Release */,
			);
			defaultConfigurationIsVisible = 0;
			defaultConfigurationName = Release;
		};
		753BD05A224E6B66003C4424 /* Build configuration list for PBXNativeTarget "HAHA" */ = {
			isa = XCConfigurationList;
			buildConfigurations = (
				753BD05B224E6B66003C4424 /* Debug */,
				753BD05C224E6B66003C4424 /* Release */,
			);
			defaultConfigurationIsVisible = 0;
			defaultConfigurationName = Release;
		};
/* End XCConfigurationList section */
	};
	rootObject = 753BD03C224E6B64003C4424 /* Project object */;
}
